
Microsoft Visual Studio Solution File, Format Version 12.00
# Visual Studio Version 17
VisualStudioVersion = 17.0.31903.59
MinimumVisualStudioVersion = 10.0.40219.1
Project("{2150E333-8FDC-42A3-9474-1A3956D46DE8}") = "src", "src", "{A1000001-0000-0000-0000-000000000001}"
EndProject
Project("{2150E333-8FDC-42A3-9474-1A3956D46DE8}") = "BuildingBlocks", "src\BuildingBlocks", "{A1000002-0000-0000-0000-000000000002}"
EndProject
Project("{FAE04EC0-301F-11D3-BF4B-00C04F79EFBC}") = "Hris.SharedKernel", "src\BuildingBlocks\Hris.SharedKernel\Hris.SharedKernel.csproj", "{B1000001-0000-0000-0000-000000000001}"
EndProject
Project("{FAE04EC0-301F-11D3-BF4B-00C04F79EFBC}") = "Hris.Foundation.Configuration", "src\BuildingBlocks\Hris.Foundation.Configuration\Hris.Foundation.Configuration.csproj", "{B1000002-0000-0000-0000-000000000002}"
EndProject
Project("{FAE04EC0-301F-11D3-BF4B-00C04F79EFBC}") = "Hris.Foundation.Logging", "src\BuildingBlocks\Hris.Foundation.Logging\Hris.Foundation.Logging.csproj", "{B1000003-0000-0000-0000-000000000003}"
EndProject
Project("{FAE04EC0-301F-11D3-BF4B-00C04F79EFBC}") = "Hris.Foundation.Identity", "src\BuildingBlocks\Hris.Foundation.Identity\Hris.Foundation.Identity.csproj", "{B1000004-0000-0000-0000-000000000004}"
EndProject
Project("{FAE04EC0-301F-11D3-BF4B-00C04F79EFBC}") = "Hris.Foundation.Events", "src\BuildingBlocks\Hris.Foundation.Events\Hris.Foundation.Events.csproj", "{B1000005-0000-0000-0000-000000000005}"
EndProject
Project("{FAE04EC0-301F-11D3-BF4B-00C04F79EFBC}") = "Hris.Foundation.Authorization", "src\BuildingBlocks\Hris.Foundation.Authorization\Hris.Foundation.Authorization.csproj", "{B1000006-0000-0000-0000-000000000006}"
EndProject
Project("{FAE04EC0-301F-11D3-BF4B-00C04F79EFBC}") = "Hris.Foundation.Audit", "src\BuildingBlocks\Hris.Foundation.Audit\Hris.Foundation.Audit.csproj", "{B1000007-0000-0000-0000-000000000007}"
EndProject
Project("{FAE04EC0-301F-11D3-BF4B-00C04F79EFBC}") = "Hris.Foundation.RulesEngine", "src\BuildingBlocks\Hris.Foundation.RulesEngine\Hris.Foundation.RulesEngine.csproj", "{B1000008-0000-0000-0000-000000000008}"
EndProject
Project("{FAE04EC0-301F-11D3-BF4B-00C04F79EFBC}") = "Hris.Foundation.Validation", "src\BuildingBlocks\Hris.Foundation.Validation\Hris.Foundation.Validation.csproj", "{B1000009-0000-0000-0000-000000000009}"
EndProject
Project("{FAE04EC0-301F-11D3-BF4B-00C04F79EFBC}") = "Hris.Foundation.Localization", "src\BuildingBlocks\Hris.Foundation.Localization\Hris.Foundation.Localization.csproj", "{B100000A-0000-0000-0000-00000000000A}"
EndProject
Project("{2150E333-8FDC-42A3-9474-1A3956D46DE8}") = "Api", "src\Api", "{A1000003-0000-0000-0000-000000000003}"
EndProject
Project("{FAE04EC0-301F-11D3-BF4B-00C04F79EFBC}") = "Hris.Api", "src\Api\Hris.Api.csproj", "{B100000B-0000-0000-0000-00000000000B}"
EndProject
Project("{2150E333-8FDC-42A3-9474-1A3956D46DE8}") = "Modules", "src\Modules", "{A1000004-0000-0000-0000-000000000004}"
EndProject
Project("{2150E333-8FDC-42A3-9474-1A3956D46DE8}") = "tests", "tests", "{A1000005-0000-0000-0000-000000000005}"
EndProject
Project("{FAE04EC0-301F-11D3-BF4B-00C04F79EFBC}") = "Hris.CriticalRequirements.Tests", "tests\Hris.CriticalRequirements.Tests\Hris.CriticalRequirements.Tests.csproj", "{B100000C-0000-0000-0000-00000000000C}"
EndProject
Global
	GlobalSection(SolutionConfigurationPlatforms) = preSolution
		Debug|Any CPU = Debug|Any CPU
		Release|Any CPU = Release|Any CPU
	EndGlobalSection
	GlobalSection(ProjectConfigurationPlatforms) = postSolution
		{B1000001-0000-0000-0000-000000000001}.Debug|Any CPU.ActiveCfg = Debug|Any CPU
		{B1000001-0000-0000-0000-000000000001}.Debug|Any CPU.Build.0 = Debug|Any CPU
		{B1000001-0000-0000-0000-000000000001}.Release|Any CPU.ActiveCfg = Release|Any CPU
		{B1000001-0000-0000-0000-000000000001}.Release|Any CPU.Build.0 = Release|Any CPU
		{B1000002-0000-0000-0000-000000000002}.Debug|Any CPU.ActiveCfg = Debug|Any CPU
		{B1000002-0000-0000-0000-000000000002}.Debug|Any CPU.Build.0 = Debug|Any CPU
		{B1000002-0000-0000-0000-000000000002}.Release|Any CPU.ActiveCfg = Release|Any CPU
		{B1000002-0000-0000-0000-000000000002}.Release|Any CPU.Build.0 = Release|Any CPU
		{B1000003-0000-0000-0000-000000000003}.Debug|Any CPU.ActiveCfg = Debug|Any CPU
		{B1000003-0000-0000-0000-000000000003}.Debug|Any CPU.Build.0 = Debug|Any CPU
		{B1000003-0000-0000-0000-000000000003}.Release|Any CPU.ActiveCfg = Release|Any CPU
		{B1000003-0000-0000-0000-000000000003}.Release|Any CPU.Build.0 = Release|Any CPU
		{B1000004-0000-0000-0000-000000000004}.Debug|Any CPU.ActiveCfg = Debug|Any CPU
		{B1000004-0000-0000-0000-000000000004}.Debug|Any CPU.Build.0 = Debug|Any CPU
		{B1000004-0000-0000-0000-000000000004}.Release|Any CPU.ActiveCfg = Release|Any CPU
		{B1000004-0000-0000-0000-000000000004}.Release|Any CPU.Build.0 = Release|Any CPU
		{B1000005-0000-0000-0000-000000000005}.Debug|Any CPU.ActiveCfg = Debug|Any CPU
		{B1000005-0000-0000-0000-000000000005}.Debug|Any CPU.Build.0 = Debug|Any CPU
		{B1000005-0000-0000-0000-000000000005}.Release|Any CPU.ActiveCfg = Release|Any CPU
		{B1000005-0000-0000-0000-000000000005}.Release|Any CPU.Build.0 = Release|Any CPU
		{B1000006-0000-0000-0000-000000000006}.Debug|Any CPU.ActiveCfg = Debug|Any CPU
		{B1000006-0000-0000-0000-000000000006}.Debug|Any CPU.Build.0 = Debug|Any CPU
		{B1000006-0000-0000-0000-000000000006}.Release|Any CPU.ActiveCfg = Release|Any CPU
		{B1000006-0000-0000-0000-000000000006}.Release|Any CPU.Build.0 = Release|Any CPU
		{B1000007-0000-0000-0000-000000000007}.Debug|Any CPU.ActiveCfg = Debug|Any CPU
		{B1000007-0000-0000-0000-000000000007}.Debug|Any CPU.Build.0 = Debug|Any CPU
		{B1000007-0000-0000-0000-000000000007}.Release|Any CPU.ActiveCfg = Release|Any CPU
		{B1000007-0000-0000-0000-000000000007}.Release|Any CPU.Build.0 = Release|Any CPU
		{B1000008-0000-0000-0000-000000000008}.Debug|Any CPU.ActiveCfg = Debug|Any CPU
		{B1000008-0000-0000-0000-000000000008}.Debug|Any CPU.Build.0 = Debug|Any CPU
		{B1000008-0000-0000-0000-000000000008}.Release|Any CPU.ActiveCfg = Release|Any CPU
		{B1000008-0000-0000-0000-000000000008}.Release|Any CPU.Build.0 = Release|Any CPU
		{B1000009-0000-0000-0000-000000000009}.Debug|Any CPU.ActiveCfg = Debug|Any CPU
		{B1000009-0000-0000-0000-000000000009}.Debug|Any CPU.Build.0 = Debug|Any CPU
		{B1000009-0000-0000-0000-000000000009}.Release|Any CPU.ActiveCfg = Release|Any CPU
		{B1000009-0000-0000-0000-000000000009}.Release|Any CPU.Build.0 = Release|Any CPU
		{B100000A-0000-0000-0000-00000000000A}.Debug|Any CPU.ActiveCfg = Debug|Any CPU
		{B100000A-0000-0000-0000-00000000000A}.Debug|Any CPU.Build.0 = Debug|Any CPU
		{B100000A-0000-0000-0000-00000000000A}.Release|Any CPU.ActiveCfg = Release|Any CPU
		{B100000A-0000-0000-0000-00000000000A}.Release|Any CPU.Build.0 = Release|Any CPU
		{B100000B-0000-0000-0000-00000000000B}.Debug|Any CPU.ActiveCfg = Debug|Any CPU
		{B100000B-0000-0000-0000-00000000000B}.Debug|Any CPU.Build.0 = Debug|Any CPU
		{B100000B-0000-0000-0000-00000000000B}.Release|Any CPU.ActiveCfg = Release|Any CPU
		{B100000B-0000-0000-0000-00000000000B}.Release|Any CPU.Build.0 = Release|Any CPU
		{B100000C-0000-0000-0000-00000000000C}.Debug|Any CPU.ActiveCfg = Debug|Any CPU
		{B100000C-0000-0000-0000-00000000000C}.Debug|Any CPU.Build.0 = Debug|Any CPU
		{B100000C-0000-0000-0000-00000000000C}.Release|Any CPU.ActiveCfg = Release|Any CPU
		{B100000C-0000-0000-0000-00000000000C}.Release|Any CPU.Build.0 = Release|Any CPU
	EndGlobalSection
	GlobalSection(SolutionProperties) = preSolution
		HideSolutionNode = FALSE
	EndGlobalSection
	GlobalSection(NestedProjects) = preSolution
		{A1000002-0000-0000-0000-000000000002} = {A1000001-0000-0000-0000-000000000001}
		{A1000003-0000-0000-0000-000000000003} = {A1000001-0000-0000-0000-000000000001}
		{A1000004-0000-0000-0000-000000000004} = {A1000001-0000-0000-0000-000000000001}
		{B1000001-0000-0000-0000-000000000001} = {A1000002-0000-0000-0000-000000000002}
		{B1000002-0000-0000-0000-000000000002} = {A1000002-0000-0000-0000-000000000002}
		{B1000003-0000-0000-0000-000000000003} = {A1000002-0000-0000-0000-000000000002}
		{B1000004-0000-0000-0000-000000000004} = {A1000002-0000-0000-0000-000000000002}
		{B1000005-0000-0000-0000-000000000005} = {A1000002-0000-0000-0000-000000000002}
		{B1000006-0000-0000-0000-000000000006} = {A1000002-0000-0000-0000-000000000002}
		{B1000007-0000-0000-0000-000000000007} = {A1000002-0000-0000-0000-000000000002}
		{B1000008-0000-0000-0000-000000000008} = {A1000002-0000-0000-0000-000000000002}
		{B1000009-0000-0000-0000-000000000009} = {A1000002-0000-0000-0000-000000000002}
		{B100000A-0000-0000-0000-00000000000A} = {A1000002-0000-0000-0000-000000000002}
		{B100000B-0000-0000-0000-00000000000B} = {A1000003-0000-0000-0000-000000000003}
		{B100000C-0000-0000-0000-00000000000C} = {A1000005-0000-0000-0000-000000000005}
	EndGlobalSection
EndGlobal
