
Microsoft Visual Studio Solution File, Format Version 12.00
# Visual Studio Version 17
VisualStudioVersion = 17.0.31903.59
MinimumVisualStudioVersion = 10.0.40219.1
Project("{2150E333-8FDC-42A3-9474-1A3956D46DE8}") = "src", "src", "{A1000001-0000-0000-0000-000000000001}"
EndProject
Project("{2150E333-8FDC-42A3-9474-1A3956D46DE8}") = "BuildingBlocks", "BuildingBlocks", "{A1000002-0000-0000-0000-000000000002}"
EndProject
Project("{FAE04EC0-301F-11D3-BF4B-00C04F79EFBC}") = "Hris.SharedKernel", "src\BuildingBlocks\Hris.SharedKernel\Hris.SharedKernel.csproj", "{B1000001-0000-0000-0000-000000000001}"
EndProject
Project("{FAE04EC0-301F-11D3-BF4B-00C04F79EFBC}") = "Hris.Foundation.Configuration", "src\BuildingBlocks\Hris.Foundation.Configuration\Hris.Foundation.Configuration.csproj", "{B1000002-0000-0000-0000-000000000002}"
EndProject
Project("{FAE04EC0-301F-11D3-BF4B-00C04F79EFBC}") = "Hris.Foundation.Logging", "src\BuildingBlocks\Hris.Foundation.Logging\Hris.Foundation.Logging.csproj", "{B1000003-0000-0000-0000-000000000003}"
EndProject
Project("{FAE04EC0-301F-11D3-BF4B-00C04F79EFBC}") = "Hris.Foundation.Identity", "src\BuildingBlocks\Hris.Foundation.Identity\Hris.Foundation.Identity.csproj", "{B1000004-0000-0000-0000-000000000004}"
EndProject
Project("{FAE04EC0-301F-11D3-BF4B-00C04F79EFBC}") = "Hris.Foundation.Events", "src\BuildingBlocks\Hris.Foundation.Events\Hris.Foundation.Events.csproj", "{B1000005-0000-0000-0000-000000000005}"
EndProject
Project("{FAE04EC0-301F-11D3-BF4B-00C04F79EFBC}") = "Hris.Foundation.Authorization", "src\BuildingBlocks\Hris.Foundation.Authorization\Hris.Foundation.Authorization.csproj", "{B1000006-0000-0000-0000-000000000006}"
EndProject
Project("{FAE04EC0-301F-11D3-BF4B-00C04F79EFBC}") = "Hris.Foundation.Audit", "src\BuildingBlocks\Hris.Foundation.Audit\Hris.Foundation.Audit.csproj", "{B1000007-0000-0000-0000-000000000007}"
EndProject
Project("{FAE04EC0-301F-11D3-BF4B-00C04F79EFBC}") = "Hris.Foundation.RulesEngine", "src\BuildingBlocks\Hris.Foundation.RulesEngine\Hris.Foundation.RulesEngine.csproj", "{B1000008-0000-0000-0000-000000000008}"
EndProject
Project("{FAE04EC0-301F-11D3-BF4B-00C04F79EFBC}") = "Hris.Foundation.Validation", "src\BuildingBlocks\Hris.Foundation.Validation\Hris.Foundation.Validation.csproj", "{B1000009-0000-0000-0000-000000000009}"
EndProject
Project("{FAE04EC0-301F-11D3-BF4B-00C04F79EFBC}") = "Hris.Foundation.Localization", "src\BuildingBlocks\Hris.Foundation.Localization\Hris.Foundation.Localization.csproj", "{B100000A-0000-0000-0000-00000000000A}"
EndProject
Project("{FAE04EC0-301F-11D3-BF4B-00C04F79EFBC}") = "Hris.Application", "src\BuildingBlocks\Hris.Application\Hris.Application.csproj", "{B100000D-0000-0000-0000-00000000000D}"
EndProject
Project("{FAE04EC0-301F-11D3-BF4B-00C04F79EFBC}") = "Hris.Infrastructure", "src\BuildingBlocks\Hris.Infrastructure\Hris.Infrastructure.csproj", "{B100000E-0000-0000-0000-00000000000E}"
EndProject
Project("{2150E333-8FDC-42A3-9474-1A3956D46DE8}") = "Api", "Api", "{A1000003-0000-0000-0000-000000000003}"
EndProject
Project("{FAE04EC0-301F-11D3-BF4B-00C04F79EFBC}") = "Hris.Api", "src\Api\Hris.Api.csproj", "{B100000B-0000-0000-0000-00000000000B}"
EndProject
Project("{2150E333-8FDC-42A3-9474-1A3956D46DE8}") = "Modules", "Modules", "{A1000004-0000-0000-0000-000000000004}"
EndProject
Project("{2150E333-8FDC-42A3-9474-1A3956D46DE8}") = "tests", "tests", "{A1000005-0000-0000-0000-000000000005}"
EndProject
Project("{FAE04EC0-301F-11D3-BF4B-00C04F79EFBC}") = "Hris.CriticalRequirements.Tests", "tests\Hris.CriticalRequirements.Tests\Hris.CriticalRequirements.Tests.csproj", "{B100000C-0000-0000-0000-00000000000C}"
EndProject
Project("{FAE04EC0-301F-11D3-BF4B-00C04F79EFBC}") = "Hris.Infrastructure.IntegrationTests", "tests\Hris.Infrastructure.IntegrationTests\Hris.Infrastructure.IntegrationTests.csproj", "{66E5A722-9C54-44CB-AA21-B979485B7C40}"
EndProject
Project("{FAE04EC0-301F-11D3-BF4B-00C04F79EFBC}") = "Hris.Foundation.Authorization.Tests", "tests\Hris.Foundation.Authorization.Tests\Hris.Foundation.Authorization.Tests.csproj", "{BFC476CA-7420-4E0E-95A8-30967F416CAF}"
EndProject
Project("{FAE04EC0-301F-11D3-BF4B-00C04F79EFBC}") = "Hris.Foundation.Tenant", "src\BuildingBlocks\Hris.Foundation.Tenant\Hris.Foundation.Tenant.csproj", "{7CD6FB39-4302-4412-98EE-5749DB9A585C}"
EndProject
Project("{FAE04EC0-301F-11D3-BF4B-00C04F79EFBC}") = "Hris.Foundation.Tenant.Tests", "tests\Hris.Foundation.Tenant.Tests\Hris.Foundation.Tenant.Tests.csproj", "{2420DE7A-A968-41DA-BCDD-CA124760F68B}"
EndProject
Project("{FAE04EC0-301F-11D3-BF4B-00C04F79EFBC}") = "Hris.Foundation.Extension", "src\BuildingBlocks\Hris.Foundation.Extension\Hris.Foundation.Extension.csproj", "{516CAA29-B7A8-421C-B663-003E2FEE1EA8}"
EndProject
Project("{FAE04EC0-301F-11D3-BF4B-00C04F79EFBC}") = "Hris.Foundation.Extension.Tests", "tests\Hris.Foundation.Extension.Tests\Hris.Foundation.Extension.Tests.csproj", "{504613C5-C573-4394-82B3-EBD47D1ADA65}"
EndProject
Project("{FAE04EC0-301F-11D3-BF4B-00C04F79EFBC}") = "Hris.Foundation.FileStorage.Tests", "tests\Hris.Foundation.FileStorage.Tests\Hris.Foundation.FileStorage.Tests.csproj", "{8FE00D2A-1EBF-445A-B730-5B20B1F12E6E}"
EndProject
Project("{FAE04EC0-301F-11D3-BF4B-00C04F79EFBC}") = "Hris.Foundation.FileStorage", "src\BuildingBlocks\Hris.Foundation.FileStorage\Hris.Foundation.FileStorage.csproj", "{7249B0A3-27A9-481F-AEA1-8F2BC7306D65}"
EndProject
Global
	GlobalSection(SolutionConfigurationPlatforms) = preSolution
		Debug|Any CPU = Debug|Any CPU
		Debug|x64 = Debug|x64
		Debug|x86 = Debug|x86
		Release|Any CPU = Release|Any CPU
		Release|x64 = Release|x64
		Release|x86 = Release|x86
	EndGlobalSection
	GlobalSection(ProjectConfigurationPlatforms) = postSolution
		{B1000001-0000-0000-0000-000000000001}.Debug|Any CPU.ActiveCfg = Debug|Any CPU
		{B1000001-0000-0000-0000-000000000001}.Debug|Any CPU.Build.0 = Debug|Any CPU
		{B1000001-0000-0000-0000-000000000001}.Debug|x64.ActiveCfg = Debug|Any CPU
		{B1000001-0000-0000-0000-000000000001}.Debug|x64.Build.0 = Debug|Any CPU
		{B1000001-0000-0000-0000-000000000001}.Debug|x86.ActiveCfg = Debug|Any CPU
		{B1000001-0000-0000-0000-000000000001}.Debug|x86.Build.0 = Debug|Any CPU
		{B1000001-0000-0000-0000-000000000001}.Release|Any CPU.ActiveCfg = Release|Any CPU
		{B1000001-0000-0000-0000-000000000001}.Release|Any CPU.Build.0 = Release|Any CPU
		{B1000001-0000-0000-0000-000000000001}.Release|x64.ActiveCfg = Release|Any CPU
		{B1000001-0000-0000-0000-000000000001}.Release|x64.Build.0 = Release|Any CPU
		{B1000001-0000-0000-0000-000000000001}.Release|x86.ActiveCfg = Release|Any CPU
		{B1000001-0000-0000-0000-000000000001}.Release|x86.Build.0 = Release|Any CPU
		{B1000002-0000-0000-0000-000000000002}.Debug|Any CPU.ActiveCfg = Debug|Any CPU
		{B1000002-0000-0000-0000-000000000002}.Debug|Any CPU.Build.0 = Debug|Any CPU
		{B1000002-0000-0000-0000-000000000002}.Debug|x64.ActiveCfg = Debug|Any CPU
		{B1000002-0000-0000-0000-000000000002}.Debug|x64.Build.0 = Debug|Any CPU
		{B1000002-0000-0000-0000-000000000002}.Debug|x86.ActiveCfg = Debug|Any CPU
		{B1000002-0000-0000-0000-000000000002}.Debug|x86.Build.0 = Debug|Any CPU
		{B1000002-0000-0000-0000-000000000002}.Release|Any CPU.ActiveCfg = Release|Any CPU
		{B1000002-0000-0000-0000-000000000002}.Release|Any CPU.Build.0 = Release|Any CPU
		{B1000002-0000-0000-0000-000000000002}.Release|x64.ActiveCfg = Release|Any CPU
		{B1000002-0000-0000-0000-000000000002}.Release|x64.Build.0 = Release|Any CPU
		{B1000002-0000-0000-0000-000000000002}.Release|x86.ActiveCfg = Release|Any CPU
		{B1000002-0000-0000-0000-000000000002}.Release|x86.Build.0 = Release|Any CPU
		{B1000003-0000-0000-0000-000000000003}.Debug|Any CPU.ActiveCfg = Debug|Any CPU
		{B1000003-0000-0000-0000-000000000003}.Debug|Any CPU.Build.0 = Debug|Any CPU
		{B1000003-0000-0000-0000-000000000003}.Debug|x64.ActiveCfg = Debug|Any CPU
		{B1000003-0000-0000-0000-000000000003}.Debug|x64.Build.0 = Debug|Any CPU
		{B1000003-0000-0000-0000-000000000003}.Debug|x86.ActiveCfg = Debug|Any CPU
		{B1000003-0000-0000-0000-000000000003}.Debug|x86.Build.0 = Debug|Any CPU
		{B1000003-0000-0000-0000-000000000003}.Release|Any CPU.ActiveCfg = Release|Any CPU
		{B1000003-0000-0000-0000-000000000003}.Release|Any CPU.Build.0 = Release|Any CPU
		{B1000003-0000-0000-0000-000000000003}.Release|x64.ActiveCfg = Release|Any CPU
		{B1000003-0000-0000-0000-000000000003}.Release|x64.Build.0 = Release|Any CPU
		{B1000003-0000-0000-0000-000000000003}.Release|x86.ActiveCfg = Release|Any CPU
		{B1000003-0000-0000-0000-000000000003}.Release|x86.Build.0 = Release|Any CPU
		{B1000004-0000-0000-0000-000000000004}.Debug|Any CPU.ActiveCfg = Debug|Any CPU
		{B1000004-0000-0000-0000-000000000004}.Debug|Any CPU.Build.0 = Debug|Any CPU
		{B1000004-0000-0000-0000-000000000004}.Debug|x64.ActiveCfg = Debug|Any CPU
		{B1000004-0000-0000-0000-000000000004}.Debug|x64.Build.0 = Debug|Any CPU
		{B1000004-0000-0000-0000-000000000004}.Debug|x86.ActiveCfg = Debug|Any CPU
		{B1000004-0000-0000-0000-000000000004}.Debug|x86.Build.0 = Debug|Any CPU
		{B1000004-0000-0000-0000-000000000004}.Release|Any CPU.ActiveCfg = Release|Any CPU
		{B1000004-0000-0000-0000-000000000004}.Release|Any CPU.Build.0 = Release|Any CPU
		{B1000004-0000-0000-0000-000000000004}.Release|x64.ActiveCfg = Release|Any CPU
		{B1000004-0000-0000-0000-000000000004}.Release|x64.Build.0 = Release|Any CPU
		{B1000004-0000-0000-0000-000000000004}.Release|x86.ActiveCfg = Release|Any CPU
		{B1000004-0000-0000-0000-000000000004}.Release|x86.Build.0 = Release|Any CPU
		{B1000005-0000-0000-0000-000000000005}.Debug|Any CPU.ActiveCfg = Debug|Any CPU
		{B1000005-0000-0000-0000-000000000005}.Debug|Any CPU.Build.0 = Debug|Any CPU
		{B1000005-0000-0000-0000-000000000005}.Debug|x64.ActiveCfg = Debug|Any CPU
		{B1000005-0000-0000-0000-000000000005}.Debug|x64.Build.0 = Debug|Any CPU
		{B1000005-0000-0000-0000-000000000005}.Debug|x86.ActiveCfg = Debug|Any CPU
		{B1000005-0000-0000-0000-000000000005}.Debug|x86.Build.0 = Debug|Any CPU
		{B1000005-0000-0000-0000-000000000005}.Release|Any CPU.ActiveCfg = Release|Any CPU
		{B1000005-0000-0000-0000-000000000005}.Release|Any CPU.Build.0 = Release|Any CPU
		{B1000005-0000-0000-0000-000000000005}.Release|x64.ActiveCfg = Release|Any CPU
		{B1000005-0000-0000-0000-000000000005}.Release|x64.Build.0 = Release|Any CPU
		{B1000005-0000-0000-0000-000000000005}.Release|x86.ActiveCfg = Release|Any CPU
		{B1000005-0000-0000-0000-000000000005}.Release|x86.Build.0 = Release|Any CPU
		{B1000006-0000-0000-0000-000000000006}.Debug|Any CPU.ActiveCfg = Debug|Any CPU
		{B1000006-0000-0000-0000-000000000006}.Debug|Any CPU.Build.0 = Debug|Any CPU
		{B1000006-0000-0000-0000-000000000006}.Debug|x64.ActiveCfg = Debug|Any CPU
		{B1000006-0000-0000-0000-000000000006}.Debug|x64.Build.0 = Debug|Any CPU
		{B1000006-0000-0000-0000-000000000006}.Debug|x86.ActiveCfg = Debug|Any CPU
		{B1000006-0000-0000-0000-000000000006}.Debug|x86.Build.0 = Debug|Any CPU
		{B1000006-0000-0000-0000-000000000006}.Release|Any CPU.ActiveCfg = Release|Any CPU
		{B1000006-0000-0000-0000-000000000006}.Release|Any CPU.Build.0 = Release|Any CPU
		{B1000006-0000-0000-0000-000000000006}.Release|x64.ActiveCfg = Release|Any CPU
		{B1000006-0000-0000-0000-000000000006}.Release|x64.Build.0 = Release|Any CPU
		{B1000006-0000-0000-0000-000000000006}.Release|x86.ActiveCfg = Release|Any CPU
		{B1000006-0000-0000-0000-000000000006}.Release|x86.Build.0 = Release|Any CPU
		{B1000007-0000-0000-0000-000000000007}.Debug|Any CPU.ActiveCfg = Debug|Any CPU
		{B1000007-0000-0000-0000-000000000007}.Debug|Any CPU.Build.0 = Debug|Any CPU
		{B1000007-0000-0000-0000-000000000007}.Debug|x64.ActiveCfg = Debug|Any CPU
		{B1000007-0000-0000-0000-000000000007}.Debug|x64.Build.0 = Debug|Any CPU
		{B1000007-0000-0000-0000-000000000007}.Debug|x86.ActiveCfg = Debug|Any CPU
		{B1000007-0000-0000-0000-000000000007}.Debug|x86.Build.0 = Debug|Any CPU
		{B1000007-0000-0000-0000-000000000007}.Release|Any CPU.ActiveCfg = Release|Any CPU
		{B1000007-0000-0000-0000-000000000007}.Release|Any CPU.Build.0 = Release|Any CPU
		{B1000007-0000-0000-0000-000000000007}.Release|x64.ActiveCfg = Release|Any CPU
		{B1000007-0000-0000-0000-000000000007}.Release|x64.Build.0 = Release|Any CPU
		{B1000007-0000-0000-0000-000000000007}.Release|x86.ActiveCfg = Release|Any CPU
		{B1000007-0000-0000-0000-000000000007}.Release|x86.Build.0 = Release|Any CPU
		{B1000008-0000-0000-0000-000000000008}.Debug|Any CPU.ActiveCfg = Debug|Any CPU
		{B1000008-0000-0000-0000-000000000008}.Debug|Any CPU.Build.0 = Debug|Any CPU
		{B1000008-0000-0000-0000-000000000008}.Debug|x64.ActiveCfg = Debug|Any CPU
		{B1000008-0000-0000-0000-000000000008}.Debug|x64.Build.0 = Debug|Any CPU
		{B1000008-0000-0000-0000-000000000008}.Debug|x86.ActiveCfg = Debug|Any CPU
		{B1000008-0000-0000-0000-000000000008}.Debug|x86.Build.0 = Debug|Any CPU
		{B1000008-0000-0000-0000-000000000008}.Release|Any CPU.ActiveCfg = Release|Any CPU
		{B1000008-0000-0000-0000-000000000008}.Release|Any CPU.Build.0 = Release|Any CPU
		{B1000008-0000-0000-0000-000000000008}.Release|x64.ActiveCfg = Release|Any CPU
		{B1000008-0000-0000-0000-000000000008}.Release|x64.Build.0 = Release|Any CPU
		{B1000008-0000-0000-0000-000000000008}.Release|x86.ActiveCfg = Release|Any CPU
		{B1000008-0000-0000-0000-000000000008}.Release|x86.Build.0 = Release|Any CPU
		{B1000009-0000-0000-0000-000000000009}.Debug|Any CPU.ActiveCfg = Debug|Any CPU
		{B1000009-0000-0000-0000-000000000009}.Debug|Any CPU.Build.0 = Debug|Any CPU
		{B1000009-0000-0000-0000-000000000009}.Debug|x64.ActiveCfg = Debug|Any CPU
		{B1000009-0000-0000-0000-000000000009}.Debug|x64.Build.0 = Debug|Any CPU
		{B1000009-0000-0000-0000-000000000009}.Debug|x86.ActiveCfg = Debug|Any CPU
		{B1000009-0000-0000-0000-000000000009}.Debug|x86.Build.0 = Debug|Any CPU
		{B1000009-0000-0000-0000-000000000009}.Release|Any CPU.ActiveCfg = Release|Any CPU
		{B1000009-0000-0000-0000-000000000009}.Release|Any CPU.Build.0 = Release|Any CPU
		{B1000009-0000-0000-0000-000000000009}.Release|x64.ActiveCfg = Release|Any CPU
		{B1000009-0000-0000-0000-000000000009}.Release|x64.Build.0 = Release|Any CPU
		{B1000009-0000-0000-0000-000000000009}.Release|x86.ActiveCfg = Release|Any CPU
		{B1000009-0000-0000-0000-000000000009}.Release|x86.Build.0 = Release|Any CPU
		{B100000A-0000-0000-0000-00000000000A}.Debug|Any CPU.ActiveCfg = Debug|Any CPU
		{B100000A-0000-0000-0000-00000000000A}.Debug|Any CPU.Build.0 = Debug|Any CPU
		{B100000A-0000-0000-0000-00000000000A}.Debug|x64.ActiveCfg = Debug|Any CPU
		{B100000A-0000-0000-0000-00000000000A}.Debug|x64.Build.0 = Debug|Any CPU
		{B100000A-0000-0000-0000-00000000000A}.Debug|x86.ActiveCfg = Debug|Any CPU
		{B100000A-0000-0000-0000-00000000000A}.Debug|x86.Build.0 = Debug|Any CPU
		{B100000A-0000-0000-0000-00000000000A}.Release|Any CPU.ActiveCfg = Release|Any CPU
		{B100000A-0000-0000-0000-00000000000A}.Release|Any CPU.Build.0 = Release|Any CPU
		{B100000A-0000-0000-0000-00000000000A}.Release|x64.ActiveCfg = Release|Any CPU
		{B100000A-0000-0000-0000-00000000000A}.Release|x64.Build.0 = Release|Any CPU
		{B100000A-0000-0000-0000-00000000000A}.Release|x86.ActiveCfg = Release|Any CPU
		{B100000A-0000-0000-0000-00000000000A}.Release|x86.Build.0 = Release|Any CPU
		{B100000D-0000-0000-0000-00000000000D}.Debug|Any CPU.ActiveCfg = Debug|Any CPU
		{B100000D-0000-0000-0000-00000000000D}.Debug|Any CPU.Build.0 = Debug|Any CPU
		{B100000D-0000-0000-0000-00000000000D}.Debug|x64.ActiveCfg = Debug|Any CPU
		{B100000D-0000-0000-0000-00000000000D}.Debug|x64.Build.0 = Debug|Any CPU
		{B100000D-0000-0000-0000-00000000000D}.Debug|x86.ActiveCfg = Debug|Any CPU
		{B100000D-0000-0000-0000-00000000000D}.Debug|x86.Build.0 = Debug|Any CPU
		{B100000D-0000-0000-0000-00000000000D}.Release|Any CPU.ActiveCfg = Release|Any CPU
		{B100000D-0000-0000-0000-00000000000D}.Release|Any CPU.Build.0 = Release|Any CPU
		{B100000D-0000-0000-0000-00000000000D}.Release|x64.ActiveCfg = Release|Any CPU
		{B100000D-0000-0000-0000-00000000000D}.Release|x64.Build.0 = Release|Any CPU
		{B100000D-0000-0000-0000-00000000000D}.Release|x86.ActiveCfg = Release|Any CPU
		{B100000D-0000-0000-0000-00000000000D}.Release|x86.Build.0 = Release|Any CPU
		{B100000E-0000-0000-0000-00000000000E}.Debug|Any CPU.ActiveCfg = Debug|Any CPU
		{B100000E-0000-0000-0000-00000000000E}.Debug|Any CPU.Build.0 = Debug|Any CPU
		{B100000E-0000-0000-0000-00000000000E}.Debug|x64.ActiveCfg = Debug|Any CPU
		{B100000E-0000-0000-0000-00000000000E}.Debug|x64.Build.0 = Debug|Any CPU
		{B100000E-0000-0000-0000-00000000000E}.Debug|x86.ActiveCfg = Debug|Any CPU
		{B100000E-0000-0000-0000-00000000000E}.Debug|x86.Build.0 = Debug|Any CPU
		{B100000E-0000-0000-0000-00000000000E}.Release|Any CPU.ActiveCfg = Release|Any CPU
		{B100000E-0000-0000-0000-00000000000E}.Release|Any CPU.Build.0 = Release|Any CPU
		{B100000E-0000-0000-0000-00000000000E}.Release|x64.ActiveCfg = Release|Any CPU
		{B100000E-0000-0000-0000-00000000000E}.Release|x64.Build.0 = Release|Any CPU
		{B100000E-0000-0000-0000-00000000000E}.Release|x86.ActiveCfg = Release|Any CPU
		{B100000E-0000-0000-0000-00000000000E}.Release|x86.Build.0 = Release|Any CPU
		{B100000B-0000-0000-0000-00000000000B}.Debug|Any CPU.ActiveCfg = Debug|Any CPU
		{B100000B-0000-0000-0000-00000000000B}.Debug|Any CPU.Build.0 = Debug|Any CPU
		{B100000B-0000-0000-0000-00000000000B}.Debug|x64.ActiveCfg = Debug|Any CPU
		{B100000B-0000-0000-0000-00000000000B}.Debug|x64.Build.0 = Debug|Any CPU
		{B100000B-0000-0000-0000-00000000000B}.Debug|x86.ActiveCfg = Debug|Any CPU
		{B100000B-0000-0000-0000-00000000000B}.Debug|x86.Build.0 = Debug|Any CPU
		{B100000B-0000-0000-0000-00000000000B}.Release|Any CPU.ActiveCfg = Release|Any CPU
		{B100000B-0000-0000-0000-00000000000B}.Release|Any CPU.Build.0 = Release|Any CPU
		{B100000B-0000-0000-0000-00000000000B}.Release|x64.ActiveCfg = Release|Any CPU
		{B100000B-0000-0000-0000-00000000000B}.Release|x64.Build.0 = Release|Any CPU
		{B100000B-0000-0000-0000-00000000000B}.Release|x86.ActiveCfg = Release|Any CPU
		{B100000B-0000-0000-0000-00000000000B}.Release|x86.Build.0 = Release|Any CPU
		{B100000C-0000-0000-0000-00000000000C}.Debug|Any CPU.ActiveCfg = Debug|Any CPU
		{B100000C-0000-0000-0000-00000000000C}.Debug|Any CPU.Build.0 = Debug|Any CPU
		{B100000C-0000-0000-0000-00000000000C}.Debug|x64.ActiveCfg = Debug|Any CPU
		{B100000C-0000-0000-0000-00000000000C}.Debug|x64.Build.0 = Debug|Any CPU
		{B100000C-0000-0000-0000-00000000000C}.Debug|x86.ActiveCfg = Debug|Any CPU
		{B100000C-0000-0000-0000-00000000000C}.Debug|x86.Build.0 = Debug|Any CPU
		{B100000C-0000-0000-0000-00000000000C}.Release|Any CPU.ActiveCfg = Release|Any CPU
		{B100000C-0000-0000-0000-00000000000C}.Release|Any CPU.Build.0 = Release|Any CPU
		{B100000C-0000-0000-0000-00000000000C}.Release|x64.ActiveCfg = Release|Any CPU
		{B100000C-0000-0000-0000-00000000000C}.Release|x64.Build.0 = Release|Any CPU
		{B100000C-0000-0000-0000-00000000000C}.Release|x86.ActiveCfg = Release|Any CPU
		{B100000C-0000-0000-0000-00000000000C}.Release|x86.Build.0 = Release|Any CPU
		{66E5A722-9C54-44CB-AA21-B979485B7C40}.Debug|Any CPU.ActiveCfg = Debug|Any CPU
		{66E5A722-9C54-44CB-AA21-B979485B7C40}.Debug|Any CPU.Build.0 = Debug|Any CPU
		{66E5A722-9C54-44CB-AA21-B979485B7C40}.Debug|x64.ActiveCfg = Debug|Any CPU
		{66E5A722-9C54-44CB-AA21-B979485B7C40}.Debug|x64.Build.0 = Debug|Any CPU
		{66E5A722-9C54-44CB-AA21-B979485B7C40}.Debug|x86.ActiveCfg = Debug|Any CPU
		{66E5A722-9C54-44CB-AA21-B979485B7C40}.Debug|x86.Build.0 = Debug|Any CPU
		{66E5A722-9C54-44CB-AA21-B979485B7C40}.Release|Any CPU.ActiveCfg = Release|Any CPU
		{66E5A722-9C54-44CB-AA21-B979485B7C40}.Release|Any CPU.Build.0 = Release|Any CPU
		{66E5A722-9C54-44CB-AA21-B979485B7C40}.Release|x64.ActiveCfg = Release|Any CPU
		{66E5A722-9C54-44CB-AA21-B979485B7C40}.Release|x64.Build.0 = Release|Any CPU
		{66E5A722-9C54-44CB-AA21-B979485B7C40}.Release|x86.ActiveCfg = Release|Any CPU
		{66E5A722-9C54-44CB-AA21-B979485B7C40}.Release|x86.Build.0 = Release|Any CPU
		{BFC476CA-7420-4E0E-95A8-30967F416CAF}.Debug|Any CPU.ActiveCfg = Debug|Any CPU
		{BFC476CA-7420-4E0E-95A8-30967F416CAF}.Debug|Any CPU.Build.0 = Debug|Any CPU
		{BFC476CA-7420-4E0E-95A8-30967F416CAF}.Debug|x64.ActiveCfg = Debug|Any CPU
		{BFC476CA-7420-4E0E-95A8-30967F416CAF}.Debug|x64.Build.0 = Debug|Any CPU
		{BFC476CA-7420-4E0E-95A8-30967F416CAF}.Debug|x86.ActiveCfg = Debug|Any CPU
		{BFC476CA-7420-4E0E-95A8-30967F416CAF}.Debug|x86.Build.0 = Debug|Any CPU
		{BFC476CA-7420-4E0E-95A8-30967F416CAF}.Release|Any CPU.ActiveCfg = Release|Any CPU
		{BFC476CA-7420-4E0E-95A8-30967F416CAF}.Release|Any CPU.Build.0 = Release|Any CPU
		{BFC476CA-7420-4E0E-95A8-30967F416CAF}.Release|x64.ActiveCfg = Release|Any CPU
		{BFC476CA-7420-4E0E-95A8-30967F416CAF}.Release|x64.Build.0 = Release|Any CPU
		{BFC476CA-7420-4E0E-95A8-30967F416CAF}.Release|x86.ActiveCfg = Release|Any CPU
		{BFC476CA-7420-4E0E-95A8-30967F416CAF}.Release|x86.Build.0 = Release|Any CPU
		{7CD6FB39-4302-4412-98EE-5749DB9A585C}.Debug|Any CPU.ActiveCfg = Debug|Any CPU
		{7CD6FB39-4302-4412-98EE-5749DB9A585C}.Debug|Any CPU.Build.0 = Debug|Any CPU
		{7CD6FB39-4302-4412-98EE-5749DB9A585C}.Debug|x64.ActiveCfg = Debug|Any CPU
		{7CD6FB39-4302-4412-98EE-5749DB9A585C}.Debug|x64.Build.0 = Debug|Any CPU
		{7CD6FB39-4302-4412-98EE-5749DB9A585C}.Debug|x86.ActiveCfg = Debug|Any CPU
		{7CD6FB39-4302-4412-98EE-5749DB9A585C}.Debug|x86.Build.0 = Debug|Any CPU
		{7CD6FB39-4302-4412-98EE-5749DB9A585C}.Release|Any CPU.ActiveCfg = Release|Any CPU
		{7CD6FB39-4302-4412-98EE-5749DB9A585C}.Release|Any CPU.Build.0 = Release|Any CPU
		{7CD6FB39-4302-4412-98EE-5749DB9A585C}.Release|x64.ActiveCfg = Release|Any CPU
		{7CD6FB39-4302-4412-98EE-5749DB9A585C}.Release|x64.Build.0 = Release|Any CPU
		{7CD6FB39-4302-4412-98EE-5749DB9A585C}.Release|x86.ActiveCfg = Release|Any CPU
		{7CD6FB39-4302-4412-98EE-5749DB9A585C}.Release|x86.Build.0 = Release|Any CPU
		{2420DE7A-A968-41DA-BCDD-CA124760F68B}.Debug|Any CPU.ActiveCfg = Debug|Any CPU
		{2420DE7A-A968-41DA-BCDD-CA124760F68B}.Debug|Any CPU.Build.0 = Debug|Any CPU
		{2420DE7A-A968-41DA-BCDD-CA124760F68B}.Debug|x64.ActiveCfg = Debug|Any CPU
		{2420DE7A-A968-41DA-BCDD-CA124760F68B}.Debug|x64.Build.0 = Debug|Any CPU
		{2420DE7A-A968-41DA-BCDD-CA124760F68B}.Debug|x86.ActiveCfg = Debug|Any CPU
		{2420DE7A-A968-41DA-BCDD-CA124760F68B}.Debug|x86.Build.0 = Debug|Any CPU
		{2420DE7A-A968-41DA-BCDD-CA124760F68B}.Release|Any CPU.ActiveCfg = Release|Any CPU
		{2420DE7A-A968-41DA-BCDD-CA124760F68B}.Release|Any CPU.Build.0 = Release|Any CPU
		{2420DE7A-A968-41DA-BCDD-CA124760F68B}.Release|x64.ActiveCfg = Release|Any CPU
		{2420DE7A-A968-41DA-BCDD-CA124760F68B}.Release|x64.Build.0 = Release|Any CPU
		{2420DE7A-A968-41DA-BCDD-CA124760F68B}.Release|x86.ActiveCfg = Release|Any CPU
		{2420DE7A-A968-41DA-BCDD-CA124760F68B}.Release|x86.Build.0 = Release|Any CPU
		{516CAA29-B7A8-421C-B663-003E2FEE1EA8}.Debug|Any CPU.ActiveCfg = Debug|Any CPU
		{516CAA29-B7A8-421C-B663-003E2FEE1EA8}.Debug|Any CPU.Build.0 = Debug|Any CPU
		{516CAA29-B7A8-421C-B663-003E2FEE1EA8}.Debug|x64.ActiveCfg = Debug|Any CPU
		{516CAA29-B7A8-421C-B663-003E2FEE1EA8}.Debug|x64.Build.0 = Debug|Any CPU
		{516CAA29-B7A8-421C-B663-003E2FEE1EA8}.Debug|x86.ActiveCfg = Debug|Any CPU
		{516CAA29-B7A8-421C-B663-003E2FEE1EA8}.Debug|x86.Build.0 = Debug|Any CPU
		{516CAA29-B7A8-421C-B663-003E2FEE1EA8}.Release|Any CPU.ActiveCfg = Release|Any CPU
		{516CAA29-B7A8-421C-B663-003E2FEE1EA8}.Release|Any CPU.Build.0 = Release|Any CPU
		{516CAA29-B7A8-421C-B663-003E2FEE1EA8}.Release|x64.ActiveCfg = Release|Any CPU
		{516CAA29-B7A8-421C-B663-003E2FEE1EA8}.Release|x64.Build.0 = Release|Any CPU
		{516CAA29-B7A8-421C-B663-003E2FEE1EA8}.Release|x86.ActiveCfg = Release|Any CPU
		{516CAA29-B7A8-421C-B663-003E2FEE1EA8}.Release|x86.Build.0 = Release|Any CPU
		{504613C5-C573-4394-82B3-EBD47D1ADA65}.Debug|Any CPU.ActiveCfg = Debug|Any CPU
		{504613C5-C573-4394-82B3-EBD47D1ADA65}.Debug|Any CPU.Build.0 = Debug|Any CPU
		{504613C5-C573-4394-82B3-EBD47D1ADA65}.Debug|x64.ActiveCfg = Debug|Any CPU
		{504613C5-C573-4394-82B3-EBD47D1ADA65}.Debug|x64.Build.0 = Debug|Any CPU
		{504613C5-C573-4394-82B3-EBD47D1ADA65}.Debug|x86.ActiveCfg = Debug|Any CPU
		{504613C5-C573-4394-82B3-EBD47D1ADA65}.Debug|x86.Build.0 = Debug|Any CPU
		{504613C5-C573-4394-82B3-EBD47D1ADA65}.Release|Any CPU.ActiveCfg = Release|Any CPU
		{504613C5-C573-4394-82B3-EBD47D1ADA65}.Release|Any CPU.Build.0 = Release|Any CPU
		{504613C5-C573-4394-82B3-EBD47D1ADA65}.Release|x64.ActiveCfg = Release|Any CPU
		{504613C5-C573-4394-82B3-EBD47D1ADA65}.Release|x64.Build.0 = Release|Any CPU
		{504613C5-C573-4394-82B3-EBD47D1ADA65}.Release|x86.ActiveCfg = Release|Any CPU
		{504613C5-C573-4394-82B3-EBD47D1ADA65}.Release|x86.Build.0 = Release|Any CPU
		{8FE00D2A-1EBF-445A-B730-5B20B1F12E6E}.Debug|Any CPU.ActiveCfg = Debug|Any CPU
		{8FE00D2A-1EBF-445A-B730-5B20B1F12E6E}.Debug|Any CPU.Build.0 = Debug|Any CPU
		{8FE00D2A-1EBF-445A-B730-5B20B1F12E6E}.Debug|x64.ActiveCfg = Debug|Any CPU
		{8FE00D2A-1EBF-445A-B730-5B20B1F12E6E}.Debug|x64.Build.0 = Debug|Any CPU
		{8FE00D2A-1EBF-445A-B730-5B20B1F12E6E}.Debug|x86.ActiveCfg = Debug|Any CPU
		{8FE00D2A-1EBF-445A-B730-5B20B1F12E6E}.Debug|x86.Build.0 = Debug|Any CPU
		{8FE00D2A-1EBF-445A-B730-5B20B1F12E6E}.Release|Any CPU.ActiveCfg = Release|Any CPU
		{8FE00D2A-1EBF-445A-B730-5B20B1F12E6E}.Release|Any CPU.Build.0 = Release|Any CPU
		{8FE00D2A-1EBF-445A-B730-5B20B1F12E6E}.Release|x64.ActiveCfg = Release|Any CPU
		{8FE00D2A-1EBF-445A-B730-5B20B1F12E6E}.Release|x64.Build.0 = Release|Any CPU
		{8FE00D2A-1EBF-445A-B730-5B20B1F12E6E}.Release|x86.ActiveCfg = Release|Any CPU
		{8FE00D2A-1EBF-445A-B730-5B20B1F12E6E}.Release|x86.Build.0 = Release|Any CPU
		{7249B0A3-27A9-481F-AEA1-8F2BC7306D65}.Debug|Any CPU.ActiveCfg = Debug|Any CPU
		{7249B0A3-27A9-481F-AEA1-8F2BC7306D65}.Debug|Any CPU.Build.0 = Debug|Any CPU
		{7249B0A3-27A9-481F-AEA1-8F2BC7306D65}.Debug|x64.ActiveCfg = Debug|Any CPU
		{7249B0A3-27A9-481F-AEA1-8F2BC7306D65}.Debug|x64.Build.0 = Debug|Any CPU
		{7249B0A3-27A9-481F-AEA1-8F2BC7306D65}.Debug|x86.ActiveCfg = Debug|Any CPU
		{7249B0A3-27A9-481F-AEA1-8F2BC7306D65}.Debug|x86.Build.0 = Debug|Any CPU
		{7249B0A3-27A9-481F-AEA1-8F2BC7306D65}.Release|Any CPU.ActiveCfg = Release|Any CPU
		{7249B0A3-27A9-481F-AEA1-8F2BC7306D65}.Release|Any CPU.Build.0 = Release|Any CPU
		{7249B0A3-27A9-481F-AEA1-8F2BC7306D65}.Release|x64.ActiveCfg = Release|Any CPU
		{7249B0A3-27A9-481F-AEA1-8F2BC7306D65}.Release|x64.Build.0 = Release|Any CPU
		{7249B0A3-27A9-481F-AEA1-8F2BC7306D65}.Release|x86.ActiveCfg = Release|Any CPU
		{7249B0A3-27A9-481F-AEA1-8F2BC7306D65}.Release|x86.Build.0 = Release|Any CPU
	EndGlobalSection
	GlobalSection(SolutionProperties) = preSolution
		HideSolutionNode = FALSE
	EndGlobalSection
	GlobalSection(NestedProjects) = preSolution
		{A1000002-0000-0000-0000-000000000002} = {A1000001-0000-0000-0000-000000000001}
		{B1000001-0000-0000-0000-000000000001} = {A1000002-0000-0000-0000-000000000002}
		{B1000002-0000-0000-0000-000000000002} = {A1000002-0000-0000-0000-000000000002}
		{B1000003-0000-0000-0000-000000000003} = {A1000002-0000-0000-0000-000000000002}
		{B1000004-0000-0000-0000-000000000004} = {A1000002-0000-0000-0000-000000000002}
		{B1000005-0000-0000-0000-000000000005} = {A1000002-0000-0000-0000-000000000002}
		{B1000006-0000-0000-0000-000000000006} = {A1000002-0000-0000-0000-000000000002}
		{B1000007-0000-0000-0000-000000000007} = {A1000002-0000-0000-0000-000000000002}
		{B1000008-0000-0000-0000-000000000008} = {A1000002-0000-0000-0000-000000000002}
		{B1000009-0000-0000-0000-000000000009} = {A1000002-0000-0000-0000-000000000002}
		{B100000A-0000-0000-0000-00000000000A} = {A1000002-0000-0000-0000-000000000002}
		{B100000D-0000-0000-0000-00000000000D} = {A1000002-0000-0000-0000-000000000002}
		{B100000E-0000-0000-0000-00000000000E} = {A1000002-0000-0000-0000-000000000002}
		{A1000003-0000-0000-0000-000000000003} = {A1000001-0000-0000-0000-000000000001}
		{B100000B-0000-0000-0000-00000000000B} = {A1000003-0000-0000-0000-000000000003}
		{A1000004-0000-0000-0000-000000000004} = {A1000001-0000-0000-0000-000000000001}
		{B100000C-0000-0000-0000-00000000000C} = {A1000005-0000-0000-0000-000000000005}
		{66E5A722-9C54-44CB-AA21-B979485B7C40} = {A1000005-0000-0000-0000-000000000005}
		{BFC476CA-7420-4E0E-95A8-30967F416CAF} = {A1000005-0000-0000-0000-000000000005}
		{7CD6FB39-4302-4412-98EE-5749DB9A585C} = {A1000002-0000-0000-0000-000000000002}
		{2420DE7A-A968-41DA-BCDD-CA124760F68B} = {A1000005-0000-0000-0000-000000000005}
		{516CAA29-B7A8-421C-B663-003E2FEE1EA8} = {A1000002-0000-0000-0000-000000000002}
		{504613C5-C573-4394-82B3-EBD47D1ADA65} = {A1000005-0000-0000-0000-000000000005}
		{8FE00D2A-1EBF-445A-B730-5B20B1F12E6E} = {A1000005-0000-0000-0000-000000000005}
		{7249B0A3-27A9-481F-AEA1-8F2BC7306D65} = {A1000002-0000-0000-0000-000000000002}
	EndGlobalSection
EndGlobal
