
Microsoft Visual Studio Solution File, Format Version 12.00
# Visual Studio Version 17
VisualStudioVersion = 17.0.31903.59
MinimumVisualStudioVersion = 10.0.40219.1
Project("{2150E333-8FDC-42A3-9474-1A3956D46DE8}") = "src", "src", "{A1000001-0000-0000-0000-000000000001}"
EndProject
Project("{2150E333-8FDC-42A3-9474-1A3956D46DE8}") = "BuildingBlocks", "BuildingBlocks", "{A1000002-0000-0000-0000-000000000002}"
EndProject
Project("{FAE04EC0-301F-11D3-BF4B-00C04F79EFBC}") = "Hris.SharedKernel", "src\BuildingBlocks\Hris.SharedKernel\Hris.SharedKernel.csproj", "{B1000001-0000-0000-0000-000000000001}"
EndProject
Project("{FAE04EC0-301F-11D3-BF4B-00C04F79EFBC}") = "Hris.Foundation.Configuration", "src\BuildingBlocks\Hris.Foundation.Configuration\Hris.Foundation.Configuration.csproj", "{B1000002-0000-0000-0000-000000000002}"
EndProject
Project("{FAE04EC0-301F-11D3-BF4B-00C04F79EFBC}") = "Hris.Foundation.Logging", "src\BuildingBlocks\Hris.Foundation.Logging\Hris.Foundation.Logging.csproj", "{B1000003-0000-0000-0000-000000000003}"
EndProject
Project("{FAE04EC0-301F-11D3-BF4B-00C04F79EFBC}") = "Hris.Foundation.Identity", "src\BuildingBlocks\Hris.Foundation.Identity\Hris.Foundation.Identity.csproj", "{B1000004-0000-0000-0000-000000000004}"
EndProject
Project("{FAE04EC0-301F-11D3-BF4B-00C04F79EFBC}") = "Hris.Foundation.Events", "src\BuildingBlocks\Hris.Foundation.Events\Hris.Foundation.Events.csproj", "{B1000005-0000-0000-0000-000000000005}"
EndProject
Project("{FAE04EC0-301F-11D3-BF4B-00C04F79EFBC}") = "Hris.Foundation.Authorization", "src\BuildingBlocks\Hris.Foundation.Authorization\Hris.Foundation.Authorization.csproj", "{B1000006-0000-0000-0000-000000000006}"
EndProject
Project("{FAE04EC0-301F-11D3-BF4B-00C04F79EFBC}") = "Hris.Foundation.Audit", "src\BuildingBlocks\Hris.Foundation.Audit\Hris.Foundation.Audit.csproj", "{B1000007-0000-0000-0000-000000000007}"
EndProject
Project("{FAE04EC0-301F-11D3-BF4B-00C04F79EFBC}") = "Hris.Foundation.RulesEngine", "src\BuildingBlocks\Hris.Foundation.RulesEngine\Hris.Foundation.RulesEngine.csproj", "{B1000008-0000-0000-0000-000000000008}"
EndProject
Project("{FAE04EC0-301F-11D3-BF4B-00C04F79EFBC}") = "Hris.Foundation.Validation", "src\BuildingBlocks\Hris.Foundation.Validation\Hris.Foundation.Validation.csproj", "{B1000009-0000-0000-0000-000000000009}"
EndProject
Project("{FAE04EC0-301F-11D3-BF4B-00C04F79EFBC}") = "Hris.Foundation.Localization", "src\BuildingBlocks\Hris.Foundation.Localization\Hris.Foundation.Localization.csproj", "{B100000A-0000-0000-0000-00000000000A}"
EndProject
Project("{FAE04EC0-301F-11D3-BF4B-00C04F79EFBC}") = "Hris.Application", "src\BuildingBlocks\Hris.Application\Hris.Application.csproj", "{B100000D-0000-0000-0000-00000000000D}"
EndProject
Project("{FAE04EC0-301F-11D3-BF4B-00C04F79EFBC}") = "Hris.Infrastructure", "src\BuildingBlocks\Hris.Infrastructure\Hris.Infrastructure.csproj", "{B100000E-0000-0000-0000-00000000000E}"
EndProject
Project("{2150E333-8FDC-42A3-9474-1A3956D46DE8}") = "Api", "Api", "{A1000003-0000-0000-0000-000000000003}"
EndProject
Project("{FAE04EC0-301F-11D3-BF4B-00C04F79EFBC}") = "Hris.Api", "src\Api\Hris.Api.csproj", "{B100000B-0000-0000-0000-00000000000B}"
EndProject
Project("{2150E333-8FDC-42A3-9474-1A3956D46DE8}") = "Modules", "Modules", "{A1000004-0000-0000-0000-000000000004}"
EndProject
Project("{2150E333-8FDC-42A3-9474-1A3956D46DE8}") = "tests", "tests", "{A1000005-0000-0000-0000-000000000005}"
EndProject
Project("{FAE04EC0-301F-11D3-BF4B-00C04F79EFBC}") = "Hris.CriticalRequirements.Tests", "tests\Hris.CriticalRequirements.Tests\Hris.CriticalRequirements.Tests.csproj", "{B100000C-0000-0000-0000-00000000000C}"
EndProject
Project("{FAE04EC0-301F-11D3-BF4B-00C04F79EFBC}") = "Hris.Infrastructure.IntegrationTests", "tests\Hris.Infrastructure.IntegrationTests\Hris.Infrastructure.IntegrationTests.csproj", "{66E5A722-9C54-44CB-AA21-B979485B7C40}"
EndProject
Project("{FAE04EC0-301F-11D3-BF4B-00C04F79EFBC}") = "Hris.Foundation.Authorization.Tests", "tests\Hris.Foundation.Authorization.Tests\Hris.Foundation.Authorization.Tests.csproj", "{BFC476CA-7420-4E0E-95A8-30967F416CAF}"
EndProject
Project("{FAE04EC0-301F-11D3-BF4B-00C04F79EFBC}") = "Hris.Foundation.Tenant", "src\BuildingBlocks\Hris.Foundation.Tenant\Hris.Foundation.Tenant.csproj", "{7CD6FB39-4302-4412-98EE-5749DB9A585C}"
EndProject
Project("{FAE04EC0-301F-11D3-BF4B-00C04F79EFBC}") = "Hris.Foundation.Tenant.Tests", "tests\Hris.Foundation.Tenant.Tests\Hris.Foundation.Tenant.Tests.csproj", "{2420DE7A-A968-41DA-BCDD-CA124760F68B}"
EndProject
Project("{FAE04EC0-301F-11D3-BF4B-00C04F79EFBC}") = "Hris.Foundation.Extension", "src\BuildingBlocks\Hris.Foundation.Extension\Hris.Foundation.Extension.csproj", "{516CAA29-B7A8-421C-B663-003E2FEE1EA8}"
EndProject
Project("{FAE04EC0-301F-11D3-BF4B-00C04F79EFBC}") = "Hris.Foundation.Extension.Tests", "tests\Hris.Foundation.Extension.Tests\Hris.Foundation.Extension.Tests.csproj", "{504613C5-C573-4394-82B3-EBD47D1ADA65}"
EndProject
Project("{FAE04EC0-301F-11D3-BF4B-00C04F79EFBC}") = "Hris.Foundation.FileStorage.Tests", "tests\Hris.Foundation.FileStorage.Tests\Hris.Foundation.FileStorage.Tests.csproj", "{8FE00D2A-1EBF-445A-B730-5B20B1F12E6E}"
EndProject
Project("{FAE04EC0-301F-11D3-BF4B-00C04F79EFBC}") = "Hris.Foundation.FileStorage", "src\BuildingBlocks\Hris.Foundation.FileStorage\Hris.Foundation.FileStorage.csproj", "{7249B0A3-27A9-481F-AEA1-8F2BC7306D65}"
EndProject
Project("{FAE04EC0-301F-11D3-BF4B-00C04F79EFBC}") = "Hris.Foundation.Numbering", "src\BuildingBlocks\Hris.Foundation.Numbering\Hris.Foundation.Numbering.csproj", "{49165A23-BAEF-4805-9946-B7F04ED30342}"
EndProject
Project("{FAE04EC0-301F-11D3-BF4B-00C04F79EFBC}") = "Hris.Foundation.Numbering.Tests", "tests\Hris.Foundation.Numbering.Tests\Hris.Foundation.Numbering.Tests.csproj", "{1764C942-BC30-4A90-9394-3AFCDCE24CC2}"
EndProject
Project("{FAE04EC0-301F-11D3-BF4B-00C04F79EFBC}") = "Hris.Foundation.Search.Tests", "tests\Hris.Foundation.Search.Tests\Hris.Foundation.Search.Tests.csproj", "{45794862-CF6E-486B-AB31-3C09D2CD3536}"
EndProject
Project("{FAE04EC0-301F-11D3-BF4B-00C04F79EFBC}") = "Hris.Foundation.Search", "src\BuildingBlocks\Hris.Foundation.Search\Hris.Foundation.Search.csproj", "{88EACEC1-3E0C-4128-80C4-74F537F5AA72}"
EndProject
Project("{FAE04EC0-301F-11D3-BF4B-00C04F79EFBC}") = "Hris.Foundation.Scheduling", "src\BuildingBlocks\Hris.Foundation.Scheduling\Hris.Foundation.Scheduling.csproj", "{EB06AB37-BE8A-446B-944D-6CC1D071AD16}"
EndProject
Project("{FAE04EC0-301F-11D3-BF4B-00C04F79EFBC}") = "Hris.Foundation.Scheduling.Tests", "tests\Hris.Foundation.Scheduling.Tests\Hris.Foundation.Scheduling.Tests.csproj", "{18B87B24-AD10-48E1-9588-96A5E65BC2EC}"
EndProject
Project("{FAE04EC0-301F-11D3-BF4B-00C04F79EFBC}") = "Hris.Foundation.JobProcessing", "src\BuildingBlocks\Hris.Foundation.JobProcessing\Hris.Foundation.JobProcessing.csproj", "{9038E1E0-F8D6-46F2-BC7C-EE9E89CEBD8D}"
EndProject
Project("{FAE04EC0-301F-11D3-BF4B-00C04F79EFBC}") = "Hris.Foundation.JobProcessing.Tests", "tests\Hris.Foundation.JobProcessing.Tests\Hris.Foundation.JobProcessing.Tests.csproj", "{7F5F6462-AC80-4C51-98D7-485152D00223}"
EndProject
Project("{FAE04EC0-301F-11D3-BF4B-00C04F79EFBC}") = "Hris.Foundation.StatutoryReferenceData", "src\BuildingBlocks\Hris.Foundation.StatutoryReferenceData\Hris.Foundation.StatutoryReferenceData.csproj", "{C060C717-620E-413B-A911-D2F4DB34483C}"
EndProject
Project("{FAE04EC0-301F-11D3-BF4B-00C04F79EFBC}") = "Hris.Foundation.StatutoryReferenceData.Tests", "tests\Hris.Foundation.StatutoryReferenceData.Tests\Hris.Foundation.StatutoryReferenceData.Tests.csproj", "{FFAEFA36-40EC-4B75-A001-E3869E4CCC14}"
EndProject
Project("{FAE04EC0-301F-11D3-BF4B-00C04F79EFBC}") = "Hris.Foundation.WorkflowEngine", "src\BuildingBlocks\Hris.Foundation.WorkflowEngine\Hris.Foundation.WorkflowEngine.csproj", "{5914F1BE-C9E5-46A3-ACE4-6049EBDADBC2}"
EndProject
Project("{FAE04EC0-301F-11D3-BF4B-00C04F79EFBC}") = "Hris.Foundation.WorkflowEngine.Tests", "tests\Hris.Foundation.WorkflowEngine.Tests\Hris.Foundation.WorkflowEngine.Tests.csproj", "{AE54FCA6-7041-461A-82A0-477CEC2B5788}"
EndProject
Project("{FAE04EC0-301F-11D3-BF4B-00C04F79EFBC}") = "Hris.Foundation.Notification", "src\BuildingBlocks\Hris.Foundation.Notification\Hris.Foundation.Notification.csproj", "{20B59CE5-D097-49F6-BAE3-0301E83E4B46}"
EndProject
Project("{FAE04EC0-301F-11D3-BF4B-00C04F79EFBC}") = "Hris.Foundation.Notification.Tests", "tests\Hris.Foundation.Notification.Tests\Hris.Foundation.Notification.Tests.csproj", "{5BB9FA68-8965-4B6E-8616-1E896764DE97}"
EndProject
Project("{FAE04EC0-301F-11D3-BF4B-00C04F79EFBC}") = "Hris.Foundation.Entitlement", "src\BuildingBlocks\Hris.Foundation.Entitlement\Hris.Foundation.Entitlement.csproj", "{E7AA8D5E-98A6-42E6-94A6-C65DA4A43511}"
EndProject
Project("{FAE04EC0-301F-11D3-BF4B-00C04F79EFBC}") = "Hris.Foundation.Entitlement.Tests", "tests\Hris.Foundation.Entitlement.Tests\Hris.Foundation.Entitlement.Tests.csproj", "{F9D160E2-8FEA-4418-A13C-ED67A4DDD7BD}"
EndProject
Project("{FAE04EC0-301F-11D3-BF4B-00C04F79EFBC}") = "Hris.Application.Tests", "tests\Hris.Application.Tests\Hris.Application.Tests.csproj", "{F09A522D-3044-4A49-8402-B51E4F3EEC95}"
EndProject
Project("{FAE04EC0-301F-11D3-BF4B-00C04F79EFBC}") = "Hris.Api.Tests", "tests\Hris.Api.Tests\Hris.Api.Tests.csproj", "{04164BE9-4B09-445E-A30C-AA8742788B06}"
EndProject
Project("{FAE04EC0-301F-11D3-BF4B-00C04F79EFBC}") = "Hris.Foundation.Caching", "src\BuildingBlocks\Hris.Foundation.Caching\Hris.Foundation.Caching.csproj", "{D16B56B6-DC66-4D06-9A93-1719D8AB7E1C}"
EndProject
Project("{FAE04EC0-301F-11D3-BF4B-00C04F79EFBC}") = "Hris.Foundation.Caching.Tests", "tests\Hris.Foundation.Caching.Tests\Hris.Foundation.Caching.Tests.csproj", "{AA749B45-32ED-4377-8F49-4DAC84D940B1}"
EndProject
Global
	GlobalSection(SolutionConfigurationPlatforms) = preSolution
		Debug|Any CPU = Debug|Any CPU
		Debug|x64 = Debug|x64
		Debug|x86 = Debug|x86
		Release|Any CPU = Release|Any CPU
		Release|x64 = Release|x64
		Release|x86 = Release|x86
	EndGlobalSection
	GlobalSection(ProjectConfigurationPlatforms) = postSolution
		{B1000001-0000-0000-0000-000000000001}.Debug|Any CPU.ActiveCfg = Debug|Any CPU
		{B1000001-0000-0000-0000-000000000001}.Debug|Any CPU.Build.0 = Debug|Any CPU
		{B1000001-0000-0000-0000-000000000001}.Debug|x64.ActiveCfg = Debug|Any CPU
		{B1000001-0000-0000-0000-000000000001}.Debug|x64.Build.0 = Debug|Any CPU
		{B1000001-0000-0000-0000-000000000001}.Debug|x86.ActiveCfg = Debug|Any CPU
		{B1000001-0000-0000-0000-000000000001}.Debug|x86.Build.0 = Debug|Any CPU
		{B1000001-0000-0000-0000-000000000001}.Release|Any CPU.ActiveCfg = Release|Any CPU
		{B1000001-0000-0000-0000-000000000001}.Release|Any CPU.Build.0 = Release|Any CPU
		{B1000001-0000-0000-0000-000000000001}.Release|x64.ActiveCfg = Release|Any CPU
		{B1000001-0000-0000-0000-000000000001}.Release|x64.Build.0 = Release|Any CPU
		{B1000001-0000-0000-0000-000000000001}.Release|x86.ActiveCfg = Release|Any CPU
		{B1000001-0000-0000-0000-000000000001}.Release|x86.Build.0 = Release|Any CPU
		{B1000002-0000-0000-0000-000000000002}.Debug|Any CPU.ActiveCfg = Debug|Any CPU
		{B1000002-0000-0000-0000-000000000002}.Debug|Any CPU.Build.0 = Debug|Any CPU
		{B1000002-0000-0000-0000-000000000002}.Debug|x64.ActiveCfg = Debug|Any CPU
		{B1000002-0000-0000-0000-000000000002}.Debug|x64.Build.0 = Debug|Any CPU
		{B1000002-0000-0000-0000-000000000002}.Debug|x86.ActiveCfg = Debug|Any CPU
		{B1000002-0000-0000-0000-000000000002}.Debug|x86.Build.0 = Debug|Any CPU
		{B1000002-0000-0000-0000-000000000002}.Release|Any CPU.ActiveCfg = Release|Any CPU
		{B1000002-0000-0000-0000-000000000002}.Release|Any CPU.Build.0 = Release|Any CPU
		{B1000002-0000-0000-0000-000000000002}.Release|x64.ActiveCfg = Release|Any CPU
		{B1000002-0000-0000-0000-000000000002}.Release|x64.Build.0 = Release|Any CPU
		{B1000002-0000-0000-0000-000000000002}.Release|x86.ActiveCfg = Release|Any CPU
		{B1000002-0000-0000-0000-000000000002}.Release|x86.Build.0 = Release|Any CPU
		{B1000003-0000-0000-0000-000000000003}.Debug|Any CPU.ActiveCfg = Debug|Any CPU
		{B1000003-0000-0000-0000-000000000003}.Debug|Any CPU.Build.0 = Debug|Any CPU
		{B1000003-0000-0000-0000-000000000003}.Debug|x64.ActiveCfg = Debug|Any CPU
		{B1000003-0000-0000-0000-000000000003}.Debug|x64.Build.0 = Debug|Any CPU
		{B1000003-0000-0000-0000-000000000003}.Debug|x86.ActiveCfg = Debug|Any CPU
		{B1000003-0000-0000-0000-000000000003}.Debug|x86.Build.0 = Debug|Any CPU
		{B1000003-0000-0000-0000-000000000003}.Release|Any CPU.ActiveCfg = Release|Any CPU
		{B1000003-0000-0000-0000-000000000003}.Release|Any CPU.Build.0 = Release|Any CPU
		{B1000003-0000-0000-0000-000000000003}.Release|x64.ActiveCfg = Release|Any CPU
		{B1000003-0000-0000-0000-000000000003}.Release|x64.Build.0 = Release|Any CPU
		{B1000003-0000-0000-0000-000000000003}.Release|x86.ActiveCfg = Release|Any CPU
		{B1000003-0000-0000-0000-000000000003}.Release|x86.Build.0 = Release|Any CPU
		{B1000004-0000-0000-0000-000000000004}.Debug|Any CPU.ActiveCfg = Debug|Any CPU
		{B1000004-0000-0000-0000-000000000004}.Debug|Any CPU.Build.0 = Debug|Any CPU
		{B1000004-0000-0000-0000-000000000004}.Debug|x64.ActiveCfg = Debug|Any CPU
		{B1000004-0000-0000-0000-000000000004}.Debug|x64.Build.0 = Debug|Any CPU
		{B1000004-0000-0000-0000-000000000004}.Debug|x86.ActiveCfg = Debug|Any CPU
		{B1000004-0000-0000-0000-000000000004}.Debug|x86.Build.0 = Debug|Any CPU
		{B1000004-0000-0000-0000-000000000004}.Release|Any CPU.ActiveCfg = Release|Any CPU
		{B1000004-0000-0000-0000-000000000004}.Release|Any CPU.Build.0 = Release|Any CPU
		{B1000004-0000-0000-0000-000000000004}.Release|x64.ActiveCfg = Release|Any CPU
		{B1000004-0000-0000-0000-000000000004}.Release|x64.Build.0 = Release|Any CPU
		{B1000004-0000-0000-0000-000000000004}.Release|x86.ActiveCfg = Release|Any CPU
		{B1000004-0000-0000-0000-000000000004}.Release|x86.Build.0 = Release|Any CPU
		{B1000005-0000-0000-0000-000000000005}.Debug|Any CPU.ActiveCfg = Debug|Any CPU
		{B1000005-0000-0000-0000-000000000005}.Debug|Any CPU.Build.0 = Debug|Any CPU
		{B1000005-0000-0000-0000-000000000005}.Debug|x64.ActiveCfg = Debug|Any CPU
		{B1000005-0000-0000-0000-000000000005}.Debug|x64.Build.0 = Debug|Any CPU
		{B1000005-0000-0000-0000-000000000005}.Debug|x86.ActiveCfg = Debug|Any CPU
		{B1000005-0000-0000-0000-000000000005}.Debug|x86.Build.0 = Debug|Any CPU
		{B1000005-0000-0000-0000-000000000005}.Release|Any CPU.ActiveCfg = Release|Any CPU
		{B1000005-0000-0000-0000-000000000005}.Release|Any CPU.Build.0 = Release|Any CPU
		{B1000005-0000-0000-0000-000000000005}.Release|x64.ActiveCfg = Release|Any CPU
		{B1000005-0000-0000-0000-000000000005}.Release|x64.Build.0 = Release|Any CPU
		{B1000005-0000-0000-0000-000000000005}.Release|x86.ActiveCfg = Release|Any CPU
		{B1000005-0000-0000-0000-000000000005}.Release|x86.Build.0 = Release|Any CPU
		{B1000006-0000-0000-0000-000000000006}.Debug|Any CPU.ActiveCfg = Debug|Any CPU
		{B1000006-0000-0000-0000-000000000006}.Debug|Any CPU.Build.0 = Debug|Any CPU
		{B1000006-0000-0000-0000-000000000006}.Debug|x64.ActiveCfg = Debug|Any CPU
		{B1000006-0000-0000-0000-000000000006}.Debug|x64.Build.0 = Debug|Any CPU
		{B1000006-0000-0000-0000-000000000006}.Debug|x86.ActiveCfg = Debug|Any CPU
		{B1000006-0000-0000-0000-000000000006}.Debug|x86.Build.0 = Debug|Any CPU
		{B1000006-0000-0000-0000-000000000006}.Release|Any CPU.ActiveCfg = Release|Any CPU
		{B1000006-0000-0000-0000-000000000006}.Release|Any CPU.Build.0 = Release|Any CPU
		{B1000006-0000-0000-0000-000000000006}.Release|x64.ActiveCfg = Release|Any CPU
		{B1000006-0000-0000-0000-000000000006}.Release|x64.Build.0 = Release|Any CPU
		{B1000006-0000-0000-0000-000000000006}.Release|x86.ActiveCfg = Release|Any CPU
		{B1000006-0000-0000-0000-000000000006}.Release|x86.Build.0 = Release|Any CPU
		{B1000007-0000-0000-0000-000000000007}.Debug|Any CPU.ActiveCfg = Debug|Any CPU
		{B1000007-0000-0000-0000-000000000007}.Debug|Any CPU.Build.0 = Debug|Any CPU
		{B1000007-0000-0000-0000-000000000007}.Debug|x64.ActiveCfg = Debug|Any CPU
		{B1000007-0000-0000-0000-000000000007}.Debug|x64.Build.0 = Debug|Any CPU
		{B1000007-0000-0000-0000-000000000007}.Debug|x86.ActiveCfg = Debug|Any CPU
		{B1000007-0000-0000-0000-000000000007}.Debug|x86.Build.0 = Debug|Any CPU
		{B1000007-0000-0000-0000-000000000007}.Release|Any CPU.ActiveCfg = Release|Any CPU
		{B1000007-0000-0000-0000-000000000007}.Release|Any CPU.Build.0 = Release|Any CPU
		{B1000007-0000-0000-0000-000000000007}.Release|x64.ActiveCfg = Release|Any CPU
		{B1000007-0000-0000-0000-000000000007}.Release|x64.Build.0 = Release|Any CPU
		{B1000007-0000-0000-0000-000000000007}.Release|x86.ActiveCfg = Release|Any CPU
		{B1000007-0000-0000-0000-000000000007}.Release|x86.Build.0 = Release|Any CPU
		{B1000008-0000-0000-0000-000000000008}.Debug|Any CPU.ActiveCfg = Debug|Any CPU
		{B1000008-0000-0000-0000-000000000008}.Debug|Any CPU.Build.0 = Debug|Any CPU
		{B1000008-0000-0000-0000-000000000008}.Debug|x64.ActiveCfg = Debug|Any CPU
		{B1000008-0000-0000-0000-000000000008}.Debug|x64.Build.0 = Debug|Any CPU
		{B1000008-0000-0000-0000-000000000008}.Debug|x86.ActiveCfg = Debug|Any CPU
		{B1000008-0000-0000-0000-000000000008}.Debug|x86.Build.0 = Debug|Any CPU
		{B1000008-0000-0000-0000-000000000008}.Release|Any CPU.ActiveCfg = Release|Any CPU
		{B1000008-0000-0000-0000-000000000008}.Release|Any CPU.Build.0 = Release|Any CPU
		{B1000008-0000-0000-0000-000000000008}.Release|x64.ActiveCfg = Release|Any CPU
		{B1000008-0000-0000-0000-000000000008}.Release|x64.Build.0 = Release|Any CPU
		{B1000008-0000-0000-0000-000000000008}.Release|x86.ActiveCfg = Release|Any CPU
		{B1000008-0000-0000-0000-000000000008}.Release|x86.Build.0 = Release|Any CPU
		{B1000009-0000-0000-0000-000000000009}.Debug|Any CPU.ActiveCfg = Debug|Any CPU
		{B1000009-0000-0000-0000-000000000009}.Debug|Any CPU.Build.0 = Debug|Any CPU
		{B1000009-0000-0000-0000-000000000009}.Debug|x64.ActiveCfg = Debug|Any CPU
		{B1000009-0000-0000-0000-000000000009}.Debug|x64.Build.0 = Debug|Any CPU
		{B1000009-0000-0000-0000-000000000009}.Debug|x86.ActiveCfg = Debug|Any CPU
		{B1000009-0000-0000-0000-000000000009}.Debug|x86.Build.0 = Debug|Any CPU
		{B1000009-0000-0000-0000-000000000009}.Release|Any CPU.ActiveCfg = Release|Any CPU
		{B1000009-0000-0000-0000-000000000009}.Release|Any CPU.Build.0 = Release|Any CPU
		{B1000009-0000-0000-0000-000000000009}.Release|x64.ActiveCfg = Release|Any CPU
		{B1000009-0000-0000-0000-000000000009}.Release|x64.Build.0 = Release|Any CPU
		{B1000009-0000-0000-0000-000000000009}.Release|x86.ActiveCfg = Release|Any CPU
		{B1000009-0000-0000-0000-000000000009}.Release|x86.Build.0 = Release|Any CPU
		{B100000A-0000-0000-0000-00000000000A}.Debug|Any CPU.ActiveCfg = Debug|Any CPU
		{B100000A-0000-0000-0000-00000000000A}.Debug|Any CPU.Build.0 = Debug|Any CPU
		{B100000A-0000-0000-0000-00000000000A}.Debug|x64.ActiveCfg = Debug|Any CPU
		{B100000A-0000-0000-0000-00000000000A}.Debug|x64.Build.0 = Debug|Any CPU
		{B100000A-0000-0000-0000-00000000000A}.Debug|x86.ActiveCfg = Debug|Any CPU
		{B100000A-0000-0000-0000-00000000000A}.Debug|x86.Build.0 = Debug|Any CPU
		{B100000A-0000-0000-0000-00000000000A}.Release|Any CPU.ActiveCfg = Release|Any CPU
		{B100000A-0000-0000-0000-00000000000A}.Release|Any CPU.Build.0 = Release|Any CPU
		{B100000A-0000-0000-0000-00000000000A}.Release|x64.ActiveCfg = Release|Any CPU
		{B100000A-0000-0000-0000-00000000000A}.Release|x64.Build.0 = Release|Any CPU
		{B100000A-0000-0000-0000-00000000000A}.Release|x86.ActiveCfg = Release|Any CPU
		{B100000A-0000-0000-0000-00000000000A}.Release|x86.Build.0 = Release|Any CPU
		{B100000D-0000-0000-0000-00000000000D}.Debug|Any CPU.ActiveCfg = Debug|Any CPU
		{B100000D-0000-0000-0000-00000000000D}.Debug|Any CPU.Build.0 = Debug|Any CPU
		{B100000D-0000-0000-0000-00000000000D}.Debug|x64.ActiveCfg = Debug|Any CPU
		{B100000D-0000-0000-0000-00000000000D}.Debug|x64.Build.0 = Debug|Any CPU
		{B100000D-0000-0000-0000-00000000000D}.Debug|x86.ActiveCfg = Debug|Any CPU
		{B100000D-0000-0000-0000-00000000000D}.Debug|x86.Build.0 = Debug|Any CPU
		{B100000D-0000-0000-0000-00000000000D}.Release|Any CPU.ActiveCfg = Release|Any CPU
		{B100000D-0000-0000-0000-00000000000D}.Release|Any CPU.Build.0 = Release|Any CPU
		{B100000D-0000-0000-0000-00000000000D}.Release|x64.ActiveCfg = Release|Any CPU
		{B100000D-0000-0000-0000-00000000000D}.Release|x64.Build.0 = Release|Any CPU
		{B100000D-0000-0000-0000-00000000000D}.Release|x86.ActiveCfg = Release|Any CPU
		{B100000D-0000-0000-0000-00000000000D}.Release|x86.Build.0 = Release|Any CPU
		{B100000E-0000-0000-0000-00000000000E}.Debug|Any CPU.ActiveCfg = Debug|Any CPU
		{B100000E-0000-0000-0000-00000000000E}.Debug|Any CPU.Build.0 = Debug|Any CPU
		{B100000E-0000-0000-0000-00000000000E}.Debug|x64.ActiveCfg = Debug|Any CPU
		{B100000E-0000-0000-0000-00000000000E}.Debug|x64.Build.0 = Debug|Any CPU
		{B100000E-0000-0000-0000-00000000000E}.Debug|x86.ActiveCfg = Debug|Any CPU
		{B100000E-0000-0000-0000-00000000000E}.Debug|x86.Build.0 = Debug|Any CPU
		{B100000E-0000-0000-0000-00000000000E}.Release|Any CPU.ActiveCfg = Release|Any CPU
		{B100000E-0000-0000-0000-00000000000E}.Release|Any CPU.Build.0 = Release|Any CPU
		{B100000E-0000-0000-0000-00000000000E}.Release|x64.ActiveCfg = Release|Any CPU
		{B100000E-0000-0000-0000-00000000000E}.Release|x64.Build.0 = Release|Any CPU
		{B100000E-0000-0000-0000-00000000000E}.Release|x86.ActiveCfg = Release|Any CPU
		{B100000E-0000-0000-0000-00000000000E}.Release|x86.Build.0 = Release|Any CPU
		{B100000B-0000-0000-0000-00000000000B}.Debug|Any CPU.ActiveCfg = Debug|Any CPU
		{B100000B-0000-0000-0000-00000000000B}.Debug|Any CPU.Build.0 = Debug|Any CPU
		{B100000B-0000-0000-0000-00000000000B}.Debug|x64.ActiveCfg = Debug|Any CPU
		{B100000B-0000-0000-0000-00000000000B}.Debug|x64.Build.0 = Debug|Any CPU
		{B100000B-0000-0000-0000-00000000000B}.Debug|x86.ActiveCfg = Debug|Any CPU
		{B100000B-0000-0000-0000-00000000000B}.Debug|x86.Build.0 = Debug|Any CPU
		{B100000B-0000-0000-0000-00000000000B}.Release|Any CPU.ActiveCfg = Release|Any CPU
		{B100000B-0000-0000-0000-00000000000B}.Release|Any CPU.Build.0 = Release|Any CPU
		{B100000B-0000-0000-0000-00000000000B}.Release|x64.ActiveCfg = Release|Any CPU
		{B100000B-0000-0000-0000-00000000000B}.Release|x64.Build.0 = Release|Any CPU
		{B100000B-0000-0000-0000-00000000000B}.Release|x86.ActiveCfg = Release|Any CPU
		{B100000B-0000-0000-0000-00000000000B}.Release|x86.Build.0 = Release|Any CPU
		{B100000C-0000-0000-0000-00000000000C}.Debug|Any CPU.ActiveCfg = Debug|Any CPU
		{B100000C-0000-0000-0000-00000000000C}.Debug|Any CPU.Build.0 = Debug|Any CPU
		{B100000C-0000-0000-0000-00000000000C}.Debug|x64.ActiveCfg = Debug|Any CPU
		{B100000C-0000-0000-0000-00000000000C}.Debug|x64.Build.0 = Debug|Any CPU
		{B100000C-0000-0000-0000-00000000000C}.Debug|x86.ActiveCfg = Debug|Any CPU
		{B100000C-0000-0000-0000-00000000000C}.Debug|x86.Build.0 = Debug|Any CPU
		{B100000C-0000-0000-0000-00000000000C}.Release|Any CPU.ActiveCfg = Release|Any CPU
		{B100000C-0000-0000-0000-00000000000C}.Release|Any CPU.Build.0 = Release|Any CPU
		{B100000C-0000-0000-0000-00000000000C}.Release|x64.ActiveCfg = Release|Any CPU
		{B100000C-0000-0000-0000-00000000000C}.Release|x64.Build.0 = Release|Any CPU
		{B100000C-0000-0000-0000-00000000000C}.Release|x86.ActiveCfg = Release|Any CPU
		{B100000C-0000-0000-0000-00000000000C}.Release|x86.Build.0 = Release|Any CPU
		{66E5A722-9C54-44CB-AA21-B979485B7C40}.Debug|Any CPU.ActiveCfg = Debug|Any CPU
		{66E5A722-9C54-44CB-AA21-B979485B7C40}.Debug|Any CPU.Build.0 = Debug|Any CPU
		{66E5A722-9C54-44CB-AA21-B979485B7C40}.Debug|x64.ActiveCfg = Debug|Any CPU
		{66E5A722-9C54-44CB-AA21-B979485B7C40}.Debug|x64.Build.0 = Debug|Any CPU
		{66E5A722-9C54-44CB-AA21-B979485B7C40}.Debug|x86.ActiveCfg = Debug|Any CPU
		{66E5A722-9C54-44CB-AA21-B979485B7C40}.Debug|x86.Build.0 = Debug|Any CPU
		{66E5A722-9C54-44CB-AA21-B979485B7C40}.Release|Any CPU.ActiveCfg = Release|Any CPU
		{66E5A722-9C54-44CB-AA21-B979485B7C40}.Release|Any CPU.Build.0 = Release|Any CPU
		{66E5A722-9C54-44CB-AA21-B979485B7C40}.Release|x64.ActiveCfg = Release|Any CPU
		{66E5A722-9C54-44CB-AA21-B979485B7C40}.Release|x64.Build.0 = Release|Any CPU
		{66E5A722-9C54-44CB-AA21-B979485B7C40}.Release|x86.ActiveCfg = Release|Any CPU
		{66E5A722-9C54-44CB-AA21-B979485B7C40}.Release|x86.Build.0 = Release|Any CPU
		{BFC476CA-7420-4E0E-95A8-30967F416CAF}.Debug|Any CPU.ActiveCfg = Debug|Any CPU
		{BFC476CA-7420-4E0E-95A8-30967F416CAF}.Debug|Any CPU.Build.0 = Debug|Any CPU
		{BFC476CA-7420-4E0E-95A8-30967F416CAF}.Debug|x64.ActiveCfg = Debug|Any CPU
		{BFC476CA-7420-4E0E-95A8-30967F416CAF}.Debug|x64.Build.0 = Debug|Any CPU
		{BFC476CA-7420-4E0E-95A8-30967F416CAF}.Debug|x86.ActiveCfg = Debug|Any CPU
		{BFC476CA-7420-4E0E-95A8-30967F416CAF}.Debug|x86.Build.0 = Debug|Any CPU
		{BFC476CA-7420-4E0E-95A8-30967F416CAF}.Release|Any CPU.ActiveCfg = Release|Any CPU
		{BFC476CA-7420-4E0E-95A8-30967F416CAF}.Release|Any CPU.Build.0 = Release|Any CPU
		{BFC476CA-7420-4E0E-95A8-30967F416CAF}.Release|x64.ActiveCfg = Release|Any CPU
		{BFC476CA-7420-4E0E-95A8-30967F416CAF}.Release|x64.Build.0 = Release|Any CPU
		{BFC476CA-7420-4E0E-95A8-30967F416CAF}.Release|x86.ActiveCfg = Release|Any CPU
		{BFC476CA-7420-4E0E-95A8-30967F416CAF}.Release|x86.Build.0 = Release|Any CPU
		{7CD6FB39-4302-4412-98EE-5749DB9A585C}.Debug|Any CPU.ActiveCfg = Debug|Any CPU
		{7CD6FB39-4302-4412-98EE-5749DB9A585C}.Debug|Any CPU.Build.0 = Debug|Any CPU
		{7CD6FB39-4302-4412-98EE-5749DB9A585C}.Debug|x64.ActiveCfg = Debug|Any CPU
		{7CD6FB39-4302-4412-98EE-5749DB9A585C}.Debug|x64.Build.0 = Debug|Any CPU
		{7CD6FB39-4302-4412-98EE-5749DB9A585C}.Debug|x86.ActiveCfg = Debug|Any CPU
		{7CD6FB39-4302-4412-98EE-5749DB9A585C}.Debug|x86.Build.0 = Debug|Any CPU
		{7CD6FB39-4302-4412-98EE-5749DB9A585C}.Release|Any CPU.ActiveCfg = Release|Any CPU
		{7CD6FB39-4302-4412-98EE-5749DB9A585C}.Release|Any CPU.Build.0 = Release|Any CPU
		{7CD6FB39-4302-4412-98EE-5749DB9A585C}.Release|x64.ActiveCfg = Release|Any CPU
		{7CD6FB39-4302-4412-98EE-5749DB9A585C}.Release|x64.Build.0 = Release|Any CPU
		{7CD6FB39-4302-4412-98EE-5749DB9A585C}.Release|x86.ActiveCfg = Release|Any CPU
		{7CD6FB39-4302-4412-98EE-5749DB9A585C}.Release|x86.Build.0 = Release|Any CPU
		{2420DE7A-A968-41DA-BCDD-CA124760F68B}.Debug|Any CPU.ActiveCfg = Debug|Any CPU
		{2420DE7A-A968-41DA-BCDD-CA124760F68B}.Debug|Any CPU.Build.0 = Debug|Any CPU
		{2420DE7A-A968-41DA-BCDD-CA124760F68B}.Debug|x64.ActiveCfg = Debug|Any CPU
		{2420DE7A-A968-41DA-BCDD-CA124760F68B}.Debug|x64.Build.0 = Debug|Any CPU
		{2420DE7A-A968-41DA-BCDD-CA124760F68B}.Debug|x86.ActiveCfg = Debug|Any CPU
		{2420DE7A-A968-41DA-BCDD-CA124760F68B}.Debug|x86.Build.0 = Debug|Any CPU
		{2420DE7A-A968-41DA-BCDD-CA124760F68B}.Release|Any CPU.ActiveCfg = Release|Any CPU
		{2420DE7A-A968-41DA-BCDD-CA124760F68B}.Release|Any CPU.Build.0 = Release|Any CPU
		{2420DE7A-A968-41DA-BCDD-CA124760F68B}.Release|x64.ActiveCfg = Release|Any CPU
		{2420DE7A-A968-41DA-BCDD-CA124760F68B}.Release|x64.Build.0 = Release|Any CPU
		{2420DE7A-A968-41DA-BCDD-CA124760F68B}.Release|x86.ActiveCfg = Release|Any CPU
		{2420DE7A-A968-41DA-BCDD-CA124760F68B}.Release|x86.Build.0 = Release|Any CPU
		{516CAA29-B7A8-421C-B663-003E2FEE1EA8}.Debug|Any CPU.ActiveCfg = Debug|Any CPU
		{516CAA29-B7A8-421C-B663-003E2FEE1EA8}.Debug|Any CPU.Build.0 = Debug|Any CPU
		{516CAA29-B7A8-421C-B663-003E2FEE1EA8}.Debug|x64.ActiveCfg = Debug|Any CPU
		{516CAA29-B7A8-421C-B663-003E2FEE1EA8}.Debug|x64.Build.0 = Debug|Any CPU
		{516CAA29-B7A8-421C-B663-003E2FEE1EA8}.Debug|x86.ActiveCfg = Debug|Any CPU
		{516CAA29-B7A8-421C-B663-003E2FEE1EA8}.Debug|x86.Build.0 = Debug|Any CPU
		{516CAA29-B7A8-421C-B663-003E2FEE1EA8}.Release|Any CPU.ActiveCfg = Release|Any CPU
		{516CAA29-B7A8-421C-B663-003E2FEE1EA8}.Release|Any CPU.Build.0 = Release|Any CPU
		{516CAA29-B7A8-421C-B663-003E2FEE1EA8}.Release|x64.ActiveCfg = Release|Any CPU
		{516CAA29-B7A8-421C-B663-003E2FEE1EA8}.Release|x64.Build.0 = Release|Any CPU
		{516CAA29-B7A8-421C-B663-003E2FEE1EA8}.Release|x86.ActiveCfg = Release|Any CPU
		{516CAA29-B7A8-421C-B663-003E2FEE1EA8}.Release|x86.Build.0 = Release|Any CPU
		{504613C5-C573-4394-82B3-EBD47D1ADA65}.Debug|Any CPU.ActiveCfg = Debug|Any CPU
		{504613C5-C573-4394-82B3-EBD47D1ADA65}.Debug|Any CPU.Build.0 = Debug|Any CPU
		{504613C5-C573-4394-82B3-EBD47D1ADA65}.Debug|x64.ActiveCfg = Debug|Any CPU
		{504613C5-C573-4394-82B3-EBD47D1ADA65}.Debug|x64.Build.0 = Debug|Any CPU
		{504613C5-C573-4394-82B3-EBD47D1ADA65}.Debug|x86.ActiveCfg = Debug|Any CPU
		{504613C5-C573-4394-82B3-EBD47D1ADA65}.Debug|x86.Build.0 = Debug|Any CPU
		{504613C5-C573-4394-82B3-EBD47D1ADA65}.Release|Any CPU.ActiveCfg = Release|Any CPU
		{504613C5-C573-4394-82B3-EBD47D1ADA65}.Release|Any CPU.Build.0 = Release|Any CPU
		{504613C5-C573-4394-82B3-EBD47D1ADA65}.Release|x64.ActiveCfg = Release|Any CPU
		{504613C5-C573-4394-82B3-EBD47D1ADA65}.Release|x64.Build.0 = Release|Any CPU
		{504613C5-C573-4394-82B3-EBD47D1ADA65}.Release|x86.ActiveCfg = Release|Any CPU
		{504613C5-C573-4394-82B3-EBD47D1ADA65}.Release|x86.Build.0 = Release|Any CPU
		{8FE00D2A-1EBF-445A-B730-5B20B1F12E6E}.Debug|Any CPU.ActiveCfg = Debug|Any CPU
		{8FE00D2A-1EBF-445A-B730-5B20B1F12E6E}.Debug|Any CPU.Build.0 = Debug|Any CPU
		{8FE00D2A-1EBF-445A-B730-5B20B1F12E6E}.Debug|x64.ActiveCfg = Debug|Any CPU
		{8FE00D2A-1EBF-445A-B730-5B20B1F12E6E}.Debug|x64.Build.0 = Debug|Any CPU
		{8FE00D2A-1EBF-445A-B730-5B20B1F12E6E}.Debug|x86.ActiveCfg = Debug|Any CPU
		{8FE00D2A-1EBF-445A-B730-5B20B1F12E6E}.Debug|x86.Build.0 = Debug|Any CPU
		{8FE00D2A-1EBF-445A-B730-5B20B1F12E6E}.Release|Any CPU.ActiveCfg = Release|Any CPU
		{8FE00D2A-1EBF-445A-B730-5B20B1F12E6E}.Release|Any CPU.Build.0 = Release|Any CPU
		{8FE00D2A-1EBF-445A-B730-5B20B1F12E6E}.Release|x64.ActiveCfg = Release|Any CPU
		{8FE00D2A-1EBF-445A-B730-5B20B1F12E6E}.Release|x64.Build.0 = Release|Any CPU
		{8FE00D2A-1EBF-445A-B730-5B20B1F12E6E}.Release|x86.ActiveCfg = Release|Any CPU
		{8FE00D2A-1EBF-445A-B730-5B20B1F12E6E}.Release|x86.Build.0 = Release|Any CPU
		{7249B0A3-27A9-481F-AEA1-8F2BC7306D65}.Debug|Any CPU.ActiveCfg = Debug|Any CPU
		{7249B0A3-27A9-481F-AEA1-8F2BC7306D65}.Debug|Any CPU.Build.0 = Debug|Any CPU
		{7249B0A3-27A9-481F-AEA1-8F2BC7306D65}.Debug|x64.ActiveCfg = Debug|Any CPU
		{7249B0A3-27A9-481F-AEA1-8F2BC7306D65}.Debug|x64.Build.0 = Debug|Any CPU
		{7249B0A3-27A9-481F-AEA1-8F2BC7306D65}.Debug|x86.ActiveCfg = Debug|Any CPU
		{7249B0A3-27A9-481F-AEA1-8F2BC7306D65}.Debug|x86.Build.0 = Debug|Any CPU
		{7249B0A3-27A9-481F-AEA1-8F2BC7306D65}.Release|Any CPU.ActiveCfg = Release|Any CPU
		{7249B0A3-27A9-481F-AEA1-8F2BC7306D65}.Release|Any CPU.Build.0 = Release|Any CPU
		{7249B0A3-27A9-481F-AEA1-8F2BC7306D65}.Release|x64.ActiveCfg = Release|Any CPU
		{7249B0A3-27A9-481F-AEA1-8F2BC7306D65}.Release|x64.Build.0 = Release|Any CPU
		{7249B0A3-27A9-481F-AEA1-8F2BC7306D65}.Release|x86.ActiveCfg = Release|Any CPU
		{7249B0A3-27A9-481F-AEA1-8F2BC7306D65}.Release|x86.Build.0 = Release|Any CPU
		{49165A23-BAEF-4805-9946-B7F04ED30342}.Debug|Any CPU.ActiveCfg = Debug|Any CPU
		{49165A23-BAEF-4805-9946-B7F04ED30342}.Debug|Any CPU.Build.0 = Debug|Any CPU
		{49165A23-BAEF-4805-9946-B7F04ED30342}.Debug|x64.ActiveCfg = Debug|Any CPU
		{49165A23-BAEF-4805-9946-B7F04ED30342}.Debug|x64.Build.0 = Debug|Any CPU
		{49165A23-BAEF-4805-9946-B7F04ED30342}.Debug|x86.ActiveCfg = Debug|Any CPU
		{49165A23-BAEF-4805-9946-B7F04ED30342}.Debug|x86.Build.0 = Debug|Any CPU
		{49165A23-BAEF-4805-9946-B7F04ED30342}.Release|Any CPU.ActiveCfg = Release|Any CPU
		{49165A23-BAEF-4805-9946-B7F04ED30342}.Release|Any CPU.Build.0 = Release|Any CPU
		{49165A23-BAEF-4805-9946-B7F04ED30342}.Release|x64.ActiveCfg = Release|Any CPU
		{49165A23-BAEF-4805-9946-B7F04ED30342}.Release|x64.Build.0 = Release|Any CPU
		{49165A23-BAEF-4805-9946-B7F04ED30342}.Release|x86.ActiveCfg = Release|Any CPU
		{49165A23-BAEF-4805-9946-B7F04ED30342}.Release|x86.Build.0 = Release|Any CPU
		{1764C942-BC30-4A90-9394-3AFCDCE24CC2}.Debug|Any CPU.ActiveCfg = Debug|Any CPU
		{1764C942-BC30-4A90-9394-3AFCDCE24CC2}.Debug|Any CPU.Build.0 = Debug|Any CPU
		{1764C942-BC30-4A90-9394-3AFCDCE24CC2}.Debug|x64.ActiveCfg = Debug|Any CPU
		{1764C942-BC30-4A90-9394-3AFCDCE24CC2}.Debug|x64.Build.0 = Debug|Any CPU
		{1764C942-BC30-4A90-9394-3AFCDCE24CC2}.Debug|x86.ActiveCfg = Debug|Any CPU
		{1764C942-BC30-4A90-9394-3AFCDCE24CC2}.Debug|x86.Build.0 = Debug|Any CPU
		{1764C942-BC30-4A90-9394-3AFCDCE24CC2}.Release|Any CPU.ActiveCfg = Release|Any CPU
		{1764C942-BC30-4A90-9394-3AFCDCE24CC2}.Release|Any CPU.Build.0 = Release|Any CPU
		{1764C942-BC30-4A90-9394-3AFCDCE24CC2}.Release|x64.ActiveCfg = Release|Any CPU
		{1764C942-BC30-4A90-9394-3AFCDCE24CC2}.Release|x64.Build.0 = Release|Any CPU
		{1764C942-BC30-4A90-9394-3AFCDCE24CC2}.Release|x86.ActiveCfg = Release|Any CPU
		{1764C942-BC30-4A90-9394-3AFCDCE24CC2}.Release|x86.Build.0 = Release|Any CPU
		{45794862-CF6E-486B-AB31-3C09D2CD3536}.Debug|Any CPU.ActiveCfg = Debug|Any CPU
		{45794862-CF6E-486B-AB31-3C09D2CD3536}.Debug|Any CPU.Build.0 = Debug|Any CPU
		{45794862-CF6E-486B-AB31-3C09D2CD3536}.Debug|x64.ActiveCfg = Debug|Any CPU
		{45794862-CF6E-486B-AB31-3C09D2CD3536}.Debug|x64.Build.0 = Debug|Any CPU
		{45794862-CF6E-486B-AB31-3C09D2CD3536}.Debug|x86.ActiveCfg = Debug|Any CPU
		{45794862-CF6E-486B-AB31-3C09D2CD3536}.Debug|x86.Build.0 = Debug|Any CPU
		{45794862-CF6E-486B-AB31-3C09D2CD3536}.Release|Any CPU.ActiveCfg = Release|Any CPU
		{45794862-CF6E-486B-AB31-3C09D2CD3536}.Release|Any CPU.Build.0 = Release|Any CPU
		{45794862-CF6E-486B-AB31-3C09D2CD3536}.Release|x64.ActiveCfg = Release|Any CPU
		{45794862-CF6E-486B-AB31-3C09D2CD3536}.Release|x64.Build.0 = Release|Any CPU
		{45794862-CF6E-486B-AB31-3C09D2CD3536}.Release|x86.ActiveCfg = Release|Any CPU
		{45794862-CF6E-486B-AB31-3C09D2CD3536}.Release|x86.Build.0 = Release|Any CPU
		{88EACEC1-3E0C-4128-80C4-74F537F5AA72}.Debug|Any CPU.ActiveCfg = Debug|Any CPU
		{88EACEC1-3E0C-4128-80C4-74F537F5AA72}.Debug|Any CPU.Build.0 = Debug|Any CPU
		{88EACEC1-3E0C-4128-80C4-74F537F5AA72}.Debug|x64.ActiveCfg = Debug|Any CPU
		{88EACEC1-3E0C-4128-80C4-74F537F5AA72}.Debug|x64.Build.0 = Debug|Any CPU
		{88EACEC1-3E0C-4128-80C4-74F537F5AA72}.Debug|x86.ActiveCfg = Debug|Any CPU
		{88EACEC1-3E0C-4128-80C4-74F537F5AA72}.Debug|x86.Build.0 = Debug|Any CPU
		{88EACEC1-3E0C-4128-80C4-74F537F5AA72}.Release|Any CPU.ActiveCfg = Release|Any CPU
		{88EACEC1-3E0C-4128-80C4-74F537F5AA72}.Release|Any CPU.Build.0 = Release|Any CPU
		{88EACEC1-3E0C-4128-80C4-74F537F5AA72}.Release|x64.ActiveCfg = Release|Any CPU
		{88EACEC1-3E0C-4128-80C4-74F537F5AA72}.Release|x64.Build.0 = Release|Any CPU
		{88EACEC1-3E0C-4128-80C4-74F537F5AA72}.Release|x86.ActiveCfg = Release|Any CPU
		{88EACEC1-3E0C-4128-80C4-74F537F5AA72}.Release|x86.Build.0 = Release|Any CPU
		{EB06AB37-BE8A-446B-944D-6CC1D071AD16}.Debug|Any CPU.ActiveCfg = Debug|Any CPU
		{EB06AB37-BE8A-446B-944D-6CC1D071AD16}.Debug|Any CPU.Build.0 = Debug|Any CPU
		{EB06AB37-BE8A-446B-944D-6CC1D071AD16}.Debug|x64.ActiveCfg = Debug|Any CPU
		{EB06AB37-BE8A-446B-944D-6CC1D071AD16}.Debug|x64.Build.0 = Debug|Any CPU
		{EB06AB37-BE8A-446B-944D-6CC1D071AD16}.Debug|x86.ActiveCfg = Debug|Any CPU
		{EB06AB37-BE8A-446B-944D-6CC1D071AD16}.Debug|x86.Build.0 = Debug|Any CPU
		{EB06AB37-BE8A-446B-944D-6CC1D071AD16}.Release|Any CPU.ActiveCfg = Release|Any CPU
		{EB06AB37-BE8A-446B-944D-6CC1D071AD16}.Release|Any CPU.Build.0 = Release|Any CPU
		{EB06AB37-BE8A-446B-944D-6CC1D071AD16}.Release|x64.ActiveCfg = Release|Any CPU
		{EB06AB37-BE8A-446B-944D-6CC1D071AD16}.Release|x64.Build.0 = Release|Any CPU
		{EB06AB37-BE8A-446B-944D-6CC1D071AD16}.Release|x86.ActiveCfg = Release|Any CPU
		{EB06AB37-BE8A-446B-944D-6CC1D071AD16}.Release|x86.Build.0 = Release|Any CPU
		{18B87B24-AD10-48E1-9588-96A5E65BC2EC}.Debug|Any CPU.ActiveCfg = Debug|Any CPU
		{18B87B24-AD10-48E1-9588-96A5E65BC2EC}.Debug|Any CPU.Build.0 = Debug|Any CPU
		{18B87B24-AD10-48E1-9588-96A5E65BC2EC}.Debug|x64.ActiveCfg = Debug|Any CPU
		{18B87B24-AD10-48E1-9588-96A5E65BC2EC}.Debug|x64.Build.0 = Debug|Any CPU
		{18B87B24-AD10-48E1-9588-96A5E65BC2EC}.Debug|x86.ActiveCfg = Debug|Any CPU
		{18B87B24-AD10-48E1-9588-96A5E65BC2EC}.Debug|x86.Build.0 = Debug|Any CPU
		{18B87B24-AD10-48E1-9588-96A5E65BC2EC}.Release|Any CPU.ActiveCfg = Release|Any CPU
		{18B87B24-AD10-48E1-9588-96A5E65BC2EC}.Release|Any CPU.Build.0 = Release|Any CPU
		{18B87B24-AD10-48E1-9588-96A5E65BC2EC}.Release|x64.ActiveCfg = Release|Any CPU
		{18B87B24-AD10-48E1-9588-96A5E65BC2EC}.Release|x64.Build.0 = Release|Any CPU
		{18B87B24-AD10-48E1-9588-96A5E65BC2EC}.Release|x86.ActiveCfg = Release|Any CPU
		{18B87B24-AD10-48E1-9588-96A5E65BC2EC}.Release|x86.Build.0 = Release|Any CPU
		{9038E1E0-F8D6-46F2-BC7C-EE9E89CEBD8D}.Debug|Any CPU.ActiveCfg = Debug|Any CPU
		{9038E1E0-F8D6-46F2-BC7C-EE9E89CEBD8D}.Debug|Any CPU.Build.0 = Debug|Any CPU
		{9038E1E0-F8D6-46F2-BC7C-EE9E89CEBD8D}.Debug|x64.ActiveCfg = Debug|Any CPU
		{9038E1E0-F8D6-46F2-BC7C-EE9E89CEBD8D}.Debug|x64.Build.0 = Debug|Any CPU
		{9038E1E0-F8D6-46F2-BC7C-EE9E89CEBD8D}.Debug|x86.ActiveCfg = Debug|Any CPU
		{9038E1E0-F8D6-46F2-BC7C-EE9E89CEBD8D}.Debug|x86.Build.0 = Debug|Any CPU
		{9038E1E0-F8D6-46F2-BC7C-EE9E89CEBD8D}.Release|Any CPU.ActiveCfg = Release|Any CPU
		{9038E1E0-F8D6-46F2-BC7C-EE9E89CEBD8D}.Release|Any CPU.Build.0 = Release|Any CPU
		{9038E1E0-F8D6-46F2-BC7C-EE9E89CEBD8D}.Release|x64.ActiveCfg = Release|Any CPU
		{9038E1E0-F8D6-46F2-BC7C-EE9E89CEBD8D}.Release|x64.Build.0 = Release|Any CPU
		{9038E1E0-F8D6-46F2-BC7C-EE9E89CEBD8D}.Release|x86.ActiveCfg = Release|Any CPU
		{9038E1E0-F8D6-46F2-BC7C-EE9E89CEBD8D}.Release|x86.Build.0 = Release|Any CPU
		{7F5F6462-AC80-4C51-98D7-485152D00223}.Debug|Any CPU.ActiveCfg = Debug|Any CPU
		{7F5F6462-AC80-4C51-98D7-485152D00223}.Debug|Any CPU.Build.0 = Debug|Any CPU
		{7F5F6462-AC80-4C51-98D7-485152D00223}.Debug|x64.ActiveCfg = Debug|Any CPU
		{7F5F6462-AC80-4C51-98D7-485152D00223}.Debug|x64.Build.0 = Debug|Any CPU
		{7F5F6462-AC80-4C51-98D7-485152D00223}.Debug|x86.ActiveCfg = Debug|Any CPU
		{7F5F6462-AC80-4C51-98D7-485152D00223}.Debug|x86.Build.0 = Debug|Any CPU
		{7F5F6462-AC80-4C51-98D7-485152D00223}.Release|Any CPU.ActiveCfg = Release|Any CPU
		{7F5F6462-AC80-4C51-98D7-485152D00223}.Release|Any CPU.Build.0 = Release|Any CPU
		{7F5F6462-AC80-4C51-98D7-485152D00223}.Release|x64.ActiveCfg = Release|Any CPU
		{7F5F6462-AC80-4C51-98D7-485152D00223}.Release|x64.Build.0 = Release|Any CPU
		{7F5F6462-AC80-4C51-98D7-485152D00223}.Release|x86.ActiveCfg = Release|Any CPU
		{7F5F6462-AC80-4C51-98D7-485152D00223}.Release|x86.Build.0 = Release|Any CPU
		{C060C717-620E-413B-A911-D2F4DB34483C}.Debug|Any CPU.ActiveCfg = Debug|Any CPU
		{C060C717-620E-413B-A911-D2F4DB34483C}.Debug|Any CPU.Build.0 = Debug|Any CPU
		{C060C717-620E-413B-A911-D2F4DB34483C}.Debug|x64.ActiveCfg = Debug|Any CPU
		{C060C717-620E-413B-A911-D2F4DB34483C}.Debug|x64.Build.0 = Debug|Any CPU
		{C060C717-620E-413B-A911-D2F4DB34483C}.Debug|x86.ActiveCfg = Debug|Any CPU
		{C060C717-620E-413B-A911-D2F4DB34483C}.Debug|x86.Build.0 = Debug|Any CPU
		{C060C717-620E-413B-A911-D2F4DB34483C}.Release|Any CPU.ActiveCfg = Release|Any CPU
		{C060C717-620E-413B-A911-D2F4DB34483C}.Release|Any CPU.Build.0 = Release|Any CPU
		{C060C717-620E-413B-A911-D2F4DB34483C}.Release|x64.ActiveCfg = Release|Any CPU
		{C060C717-620E-413B-A911-D2F4DB34483C}.Release|x64.Build.0 = Release|Any CPU
		{C060C717-620E-413B-A911-D2F4DB34483C}.Release|x86.ActiveCfg = Release|Any CPU
		{C060C717-620E-413B-A911-D2F4DB34483C}.Release|x86.Build.0 = Release|Any CPU
		{FFAEFA36-40EC-4B75-A001-E3869E4CCC14}.Debug|Any CPU.ActiveCfg = Debug|Any CPU
		{FFAEFA36-40EC-4B75-A001-E3869E4CCC14}.Debug|Any CPU.Build.0 = Debug|Any CPU
		{FFAEFA36-40EC-4B75-A001-E3869E4CCC14}.Debug|x64.ActiveCfg = Debug|Any CPU
		{FFAEFA36-40EC-4B75-A001-E3869E4CCC14}.Debug|x64.Build.0 = Debug|Any CPU
		{FFAEFA36-40EC-4B75-A001-E3869E4CCC14}.Debug|x86.ActiveCfg = Debug|Any CPU
		{FFAEFA36-40EC-4B75-A001-E3869E4CCC14}.Debug|x86.Build.0 = Debug|Any CPU
		{FFAEFA36-40EC-4B75-A001-E3869E4CCC14}.Release|Any CPU.ActiveCfg = Release|Any CPU
		{FFAEFA36-40EC-4B75-A001-E3869E4CCC14}.Release|Any CPU.Build.0 = Release|Any CPU
		{FFAEFA36-40EC-4B75-A001-E3869E4CCC14}.Release|x64.ActiveCfg = Release|Any CPU
		{FFAEFA36-40EC-4B75-A001-E3869E4CCC14}.Release|x64.Build.0 = Release|Any CPU
		{FFAEFA36-40EC-4B75-A001-E3869E4CCC14}.Release|x86.ActiveCfg = Release|Any CPU
		{FFAEFA36-40EC-4B75-A001-E3869E4CCC14}.Release|x86.Build.0 = Release|Any CPU
		{5914F1BE-C9E5-46A3-ACE4-6049EBDADBC2}.Debug|Any CPU.ActiveCfg = Debug|Any CPU
		{5914F1BE-C9E5-46A3-ACE4-6049EBDADBC2}.Debug|Any CPU.Build.0 = Debug|Any CPU
		{5914F1BE-C9E5-46A3-ACE4-6049EBDADBC2}.Debug|x64.ActiveCfg = Debug|Any CPU
		{5914F1BE-C9E5-46A3-ACE4-6049EBDADBC2}.Debug|x64.Build.0 = Debug|Any CPU
		{5914F1BE-C9E5-46A3-ACE4-6049EBDADBC2}.Debug|x86.ActiveCfg = Debug|Any CPU
		{5914F1BE-C9E5-46A3-ACE4-6049EBDADBC2}.Debug|x86.Build.0 = Debug|Any CPU
		{5914F1BE-C9E5-46A3-ACE4-6049EBDADBC2}.Release|Any CPU.ActiveCfg = Release|Any CPU
		{5914F1BE-C9E5-46A3-ACE4-6049EBDADBC2}.Release|Any CPU.Build.0 = Release|Any CPU
		{5914F1BE-C9E5-46A3-ACE4-6049EBDADBC2}.Release|x64.ActiveCfg = Release|Any CPU
		{5914F1BE-C9E5-46A3-ACE4-6049EBDADBC2}.Release|x64.Build.0 = Release|Any CPU
		{5914F1BE-C9E5-46A3-ACE4-6049EBDADBC2}.Release|x86.ActiveCfg = Release|Any CPU
		{5914F1BE-C9E5-46A3-ACE4-6049EBDADBC2}.Release|x86.Build.0 = Release|Any CPU
		{AE54FCA6-7041-461A-82A0-477CEC2B5788}.Debug|Any CPU.ActiveCfg = Debug|Any CPU
		{AE54FCA6-7041-461A-82A0-477CEC2B5788}.Debug|Any CPU.Build.0 = Debug|Any CPU
		{AE54FCA6-7041-461A-82A0-477CEC2B5788}.Debug|x64.ActiveCfg = Debug|Any CPU
		{AE54FCA6-7041-461A-82A0-477CEC2B5788}.Debug|x64.Build.0 = Debug|Any CPU
		{AE54FCA6-7041-461A-82A0-477CEC2B5788}.Debug|x86.ActiveCfg = Debug|Any CPU
		{AE54FCA6-7041-461A-82A0-477CEC2B5788}.Debug|x86.Build.0 = Debug|Any CPU
		{AE54FCA6-7041-461A-82A0-477CEC2B5788}.Release|Any CPU.ActiveCfg = Release|Any CPU
		{AE54FCA6-7041-461A-82A0-477CEC2B5788}.Release|Any CPU.Build.0 = Release|Any CPU
		{AE54FCA6-7041-461A-82A0-477CEC2B5788}.Release|x64.ActiveCfg = Release|Any CPU
		{AE54FCA6-7041-461A-82A0-477CEC2B5788}.Release|x64.Build.0 = Release|Any CPU
		{AE54FCA6-7041-461A-82A0-477CEC2B5788}.Release|x86.ActiveCfg = Release|Any CPU
		{AE54FCA6-7041-461A-82A0-477CEC2B5788}.Release|x86.Build.0 = Release|Any CPU
		{20B59CE5-D097-49F6-BAE3-0301E83E4B46}.Debug|Any CPU.ActiveCfg = Debug|Any CPU
		{20B59CE5-D097-49F6-BAE3-0301E83E4B46}.Debug|Any CPU.Build.0 = Debug|Any CPU
		{20B59CE5-D097-49F6-BAE3-0301E83E4B46}.Debug|x64.ActiveCfg = Debug|Any CPU
		{20B59CE5-D097-49F6-BAE3-0301E83E4B46}.Debug|x64.Build.0 = Debug|Any CPU
		{20B59CE5-D097-49F6-BAE3-0301E83E4B46}.Debug|x86.ActiveCfg = Debug|Any CPU
		{20B59CE5-D097-49F6-BAE3-0301E83E4B46}.Debug|x86.Build.0 = Debug|Any CPU
		{20B59CE5-D097-49F6-BAE3-0301E83E4B46}.Release|Any CPU.ActiveCfg = Release|Any CPU
		{20B59CE5-D097-49F6-BAE3-0301E83E4B46}.Release|Any CPU.Build.0 = Release|Any CPU
		{20B59CE5-D097-49F6-BAE3-0301E83E4B46}.Release|x64.ActiveCfg = Release|Any CPU
		{20B59CE5-D097-49F6-BAE3-0301E83E4B46}.Release|x64.Build.0 = Release|Any CPU
		{20B59CE5-D097-49F6-BAE3-0301E83E4B46}.Release|x86.ActiveCfg = Release|Any CPU
		{20B59CE5-D097-49F6-BAE3-0301E83E4B46}.Release|x86.Build.0 = Release|Any CPU
		{5BB9FA68-8965-4B6E-8616-1E896764DE97}.Debug|Any CPU.ActiveCfg = Debug|Any CPU
		{5BB9FA68-8965-4B6E-8616-1E896764DE97}.Debug|Any CPU.Build.0 = Debug|Any CPU
		{5BB9FA68-8965-4B6E-8616-1E896764DE97}.Debug|x64.ActiveCfg = Debug|Any CPU
		{5BB9FA68-8965-4B6E-8616-1E896764DE97}.Debug|x64.Build.0 = Debug|Any CPU
		{5BB9FA68-8965-4B6E-8616-1E896764DE97}.Debug|x86.ActiveCfg = Debug|Any CPU
		{5BB9FA68-8965-4B6E-8616-1E896764DE97}.Debug|x86.Build.0 = Debug|Any CPU
		{5BB9FA68-8965-4B6E-8616-1E896764DE97}.Release|Any CPU.ActiveCfg = Release|Any CPU
		{5BB9FA68-8965-4B6E-8616-1E896764DE97}.Release|Any CPU.Build.0 = Release|Any CPU
		{5BB9FA68-8965-4B6E-8616-1E896764DE97}.Release|x64.ActiveCfg = Release|Any CPU
		{5BB9FA68-8965-4B6E-8616-1E896764DE97}.Release|x64.Build.0 = Release|Any CPU
		{5BB9FA68-8965-4B6E-8616-1E896764DE97}.Release|x86.ActiveCfg = Release|Any CPU
		{5BB9FA68-8965-4B6E-8616-1E896764DE97}.Release|x86.Build.0 = Release|Any CPU
		{E7AA8D5E-98A6-42E6-94A6-C65DA4A43511}.Debug|Any CPU.ActiveCfg = Debug|Any CPU
		{E7AA8D5E-98A6-42E6-94A6-C65DA4A43511}.Debug|Any CPU.Build.0 = Debug|Any CPU
		{E7AA8D5E-98A6-42E6-94A6-C65DA4A43511}.Debug|x64.ActiveCfg = Debug|Any CPU
		{E7AA8D5E-98A6-42E6-94A6-C65DA4A43511}.Debug|x64.Build.0 = Debug|Any CPU
		{E7AA8D5E-98A6-42E6-94A6-C65DA4A43511}.Debug|x86.ActiveCfg = Debug|Any CPU
		{E7AA8D5E-98A6-42E6-94A6-C65DA4A43511}.Debug|x86.Build.0 = Debug|Any CPU
		{E7AA8D5E-98A6-42E6-94A6-C65DA4A43511}.Release|Any CPU.ActiveCfg = Release|Any CPU
		{E7AA8D5E-98A6-42E6-94A6-C65DA4A43511}.Release|Any CPU.Build.0 = Release|Any CPU
		{E7AA8D5E-98A6-42E6-94A6-C65DA4A43511}.Release|x64.ActiveCfg = Release|Any CPU
		{E7AA8D5E-98A6-42E6-94A6-C65DA4A43511}.Release|x64.Build.0 = Release|Any CPU
		{E7AA8D5E-98A6-42E6-94A6-C65DA4A43511}.Release|x86.ActiveCfg = Release|Any CPU
		{E7AA8D5E-98A6-42E6-94A6-C65DA4A43511}.Release|x86.Build.0 = Release|Any CPU
		{F9D160E2-8FEA-4418-A13C-ED67A4DDD7BD}.Debug|Any CPU.ActiveCfg = Debug|Any CPU
		{F9D160E2-8FEA-4418-A13C-ED67A4DDD7BD}.Debug|Any CPU.Build.0 = Debug|Any CPU
		{F9D160E2-8FEA-4418-A13C-ED67A4DDD7BD}.Debug|x64.ActiveCfg = Debug|Any CPU
		{F9D160E2-8FEA-4418-A13C-ED67A4DDD7BD}.Debug|x64.Build.0 = Debug|Any CPU
		{F9D160E2-8FEA-4418-A13C-ED67A4DDD7BD}.Debug|x86.ActiveCfg = Debug|Any CPU
		{F9D160E2-8FEA-4418-A13C-ED67A4DDD7BD}.Debug|x86.Build.0 = Debug|Any CPU
		{F9D160E2-8FEA-4418-A13C-ED67A4DDD7BD}.Release|Any CPU.ActiveCfg = Release|Any CPU
		{F9D160E2-8FEA-4418-A13C-ED67A4DDD7BD}.Release|Any CPU.Build.0 = Release|Any CPU
		{F9D160E2-8FEA-4418-A13C-ED67A4DDD7BD}.Release|x64.ActiveCfg = Release|Any CPU
		{F9D160E2-8FEA-4418-A13C-ED67A4DDD7BD}.Release|x64.Build.0 = Release|Any CPU
		{F9D160E2-8FEA-4418-A13C-ED67A4DDD7BD}.Release|x86.ActiveCfg = Release|Any CPU
		{F9D160E2-8FEA-4418-A13C-ED67A4DDD7BD}.Release|x86.Build.0 = Release|Any CPU
		{F09A522D-3044-4A49-8402-B51E4F3EEC95}.Debug|Any CPU.ActiveCfg = Debug|Any CPU
		{F09A522D-3044-4A49-8402-B51E4F3EEC95}.Debug|Any CPU.Build.0 = Debug|Any CPU
		{F09A522D-3044-4A49-8402-B51E4F3EEC95}.Debug|x64.ActiveCfg = Debug|Any CPU
		{F09A522D-3044-4A49-8402-B51E4F3EEC95}.Debug|x64.Build.0 = Debug|Any CPU
		{F09A522D-3044-4A49-8402-B51E4F3EEC95}.Debug|x86.ActiveCfg = Debug|Any CPU
		{F09A522D-3044-4A49-8402-B51E4F3EEC95}.Debug|x86.Build.0 = Debug|Any CPU
		{F09A522D-3044-4A49-8402-B51E4F3EEC95}.Release|Any CPU.ActiveCfg = Release|Any CPU
		{F09A522D-3044-4A49-8402-B51E4F3EEC95}.Release|Any CPU.Build.0 = Release|Any CPU
		{F09A522D-3044-4A49-8402-B51E4F3EEC95}.Release|x64.ActiveCfg = Release|Any CPU
		{F09A522D-3044-4A49-8402-B51E4F3EEC95}.Release|x64.Build.0 = Release|Any CPU
		{F09A522D-3044-4A49-8402-B51E4F3EEC95}.Release|x86.ActiveCfg = Release|Any CPU
		{F09A522D-3044-4A49-8402-B51E4F3EEC95}.Release|x86.Build.0 = Release|Any CPU
		{04164BE9-4B09-445E-A30C-AA8742788B06}.Debug|Any CPU.ActiveCfg = Debug|Any CPU
		{04164BE9-4B09-445E-A30C-AA8742788B06}.Debug|Any CPU.Build.0 = Debug|Any CPU
		{04164BE9-4B09-445E-A30C-AA8742788B06}.Debug|x64.ActiveCfg = Debug|Any CPU
		{04164BE9-4B09-445E-A30C-AA8742788B06}.Debug|x64.Build.0 = Debug|Any CPU
		{04164BE9-4B09-445E-A30C-AA8742788B06}.Debug|x86.ActiveCfg = Debug|Any CPU
		{04164BE9-4B09-445E-A30C-AA8742788B06}.Debug|x86.Build.0 = Debug|Any CPU
		{04164BE9-4B09-445E-A30C-AA8742788B06}.Release|Any CPU.ActiveCfg = Release|Any CPU
		{04164BE9-4B09-445E-A30C-AA8742788B06}.Release|Any CPU.Build.0 = Release|Any CPU
		{04164BE9-4B09-445E-A30C-AA8742788B06}.Release|x64.ActiveCfg = Release|Any CPU
		{04164BE9-4B09-445E-A30C-AA8742788B06}.Release|x64.Build.0 = Release|Any CPU
		{04164BE9-4B09-445E-A30C-AA8742788B06}.Release|x86.ActiveCfg = Release|Any CPU
		{04164BE9-4B09-445E-A30C-AA8742788B06}.Release|x86.Build.0 = Release|Any CPU
		{D16B56B6-DC66-4D06-9A93-1719D8AB7E1C}.Debug|Any CPU.ActiveCfg = Debug|Any CPU
		{D16B56B6-DC66-4D06-9A93-1719D8AB7E1C}.Debug|Any CPU.Build.0 = Debug|Any CPU
		{D16B56B6-DC66-4D06-9A93-1719D8AB7E1C}.Debug|x64.ActiveCfg = Debug|Any CPU
		{D16B56B6-DC66-4D06-9A93-1719D8AB7E1C}.Debug|x64.Build.0 = Debug|Any CPU
		{D16B56B6-DC66-4D06-9A93-1719D8AB7E1C}.Debug|x86.ActiveCfg = Debug|Any CPU
		{D16B56B6-DC66-4D06-9A93-1719D8AB7E1C}.Debug|x86.Build.0 = Debug|Any CPU
		{D16B56B6-DC66-4D06-9A93-1719D8AB7E1C}.Release|Any CPU.ActiveCfg = Release|Any CPU
		{D16B56B6-DC66-4D06-9A93-1719D8AB7E1C}.Release|Any CPU.Build.0 = Release|Any CPU
		{D16B56B6-DC66-4D06-9A93-1719D8AB7E1C}.Release|x64.ActiveCfg = Release|Any CPU
		{D16B56B6-DC66-4D06-9A93-1719D8AB7E1C}.Release|x64.Build.0 = Release|Any CPU
		{D16B56B6-DC66-4D06-9A93-1719D8AB7E1C}.Release|x86.ActiveCfg = Release|Any CPU
		{D16B56B6-DC66-4D06-9A93-1719D8AB7E1C}.Release|x86.Build.0 = Release|Any CPU
		{AA749B45-32ED-4377-8F49-4DAC84D940B1}.Debug|Any CPU.ActiveCfg = Debug|Any CPU
		{AA749B45-32ED-4377-8F49-4DAC84D940B1}.Debug|Any CPU.Build.0 = Debug|Any CPU
		{AA749B45-32ED-4377-8F49-4DAC84D940B1}.Debug|x64.ActiveCfg = Debug|Any CPU
		{AA749B45-32ED-4377-8F49-4DAC84D940B1}.Debug|x64.Build.0 = Debug|Any CPU
		{AA749B45-32ED-4377-8F49-4DAC84D940B1}.Debug|x86.ActiveCfg = Debug|Any CPU
		{AA749B45-32ED-4377-8F49-4DAC84D940B1}.Debug|x86.Build.0 = Debug|Any CPU
		{AA749B45-32ED-4377-8F49-4DAC84D940B1}.Release|Any CPU.ActiveCfg = Release|Any CPU
		{AA749B45-32ED-4377-8F49-4DAC84D940B1}.Release|Any CPU.Build.0 = Release|Any CPU
		{AA749B45-32ED-4377-8F49-4DAC84D940B1}.Release|x64.ActiveCfg = Release|Any CPU
		{AA749B45-32ED-4377-8F49-4DAC84D940B1}.Release|x64.Build.0 = Release|Any CPU
		{AA749B45-32ED-4377-8F49-4DAC84D940B1}.Release|x86.ActiveCfg = Release|Any CPU
		{AA749B45-32ED-4377-8F49-4DAC84D940B1}.Release|x86.Build.0 = Release|Any CPU
	EndGlobalSection
	GlobalSection(SolutionProperties) = preSolution
		HideSolutionNode = FALSE
	EndGlobalSection
	GlobalSection(NestedProjects) = preSolution
		{A1000002-0000-0000-0000-000000000002} = {A1000001-0000-0000-0000-000000000001}
		{B1000001-0000-0000-0000-000000000001} = {A1000002-0000-0000-0000-000000000002}
		{B1000002-0000-0000-0000-000000000002} = {A1000002-0000-0000-0000-000000000002}
		{B1000003-0000-0000-0000-000000000003} = {A1000002-0000-0000-0000-000000000002}
		{B1000004-0000-0000-0000-000000000004} = {A1000002-0000-0000-0000-000000000002}
		{B1000005-0000-0000-0000-000000000005} = {A1000002-0000-0000-0000-000000000002}
		{B1000006-0000-0000-0000-000000000006} = {A1000002-0000-0000-0000-000000000002}
		{B1000007-0000-0000-0000-000000000007} = {A1000002-0000-0000-0000-000000000002}
		{B1000008-0000-0000-0000-000000000008} = {A1000002-0000-0000-0000-000000000002}
		{B1000009-0000-0000-0000-000000000009} = {A1000002-0000-0000-0000-000000000002}
		{B100000A-0000-0000-0000-00000000000A} = {A1000002-0000-0000-0000-000000000002}
		{B100000D-0000-0000-0000-00000000000D} = {A1000002-0000-0000-0000-000000000002}
		{B100000E-0000-0000-0000-00000000000E} = {A1000002-0000-0000-0000-000000000002}
		{A1000003-0000-0000-0000-000000000003} = {A1000001-0000-0000-0000-000000000001}
		{B100000B-0000-0000-0000-00000000000B} = {A1000003-0000-0000-0000-000000000003}
		{A1000004-0000-0000-0000-000000000004} = {A1000001-0000-0000-0000-000000000001}
		{B100000C-0000-0000-0000-00000000000C} = {A1000005-0000-0000-0000-000000000005}
		{66E5A722-9C54-44CB-AA21-B979485B7C40} = {A1000005-0000-0000-0000-000000000005}
		{BFC476CA-7420-4E0E-95A8-30967F416CAF} = {A1000005-0000-0000-0000-000000000005}
		{7CD6FB39-4302-4412-98EE-5749DB9A585C} = {A1000002-0000-0000-0000-000000000002}
		{2420DE7A-A968-41DA-BCDD-CA124760F68B} = {A1000005-0000-0000-0000-000000000005}
		{516CAA29-B7A8-421C-B663-003E2FEE1EA8} = {A1000002-0000-0000-0000-000000000002}
		{504613C5-C573-4394-82B3-EBD47D1ADA65} = {A1000005-0000-0000-0000-000000000005}
		{8FE00D2A-1EBF-445A-B730-5B20B1F12E6E} = {A1000005-0000-0000-0000-000000000005}
		{7249B0A3-27A9-481F-AEA1-8F2BC7306D65} = {A1000002-0000-0000-0000-000000000002}
		{49165A23-BAEF-4805-9946-B7F04ED30342} = {A1000002-0000-0000-0000-000000000002}
		{1764C942-BC30-4A90-9394-3AFCDCE24CC2} = {A1000005-0000-0000-0000-000000000005}
		{45794862-CF6E-486B-AB31-3C09D2CD3536} = {A1000005-0000-0000-0000-000000000005}
		{88EACEC1-3E0C-4128-80C4-74F537F5AA72} = {A1000002-0000-0000-0000-000000000002}
		{EB06AB37-BE8A-446B-944D-6CC1D071AD16} = {A1000002-0000-0000-0000-000000000002}
		{18B87B24-AD10-48E1-9588-96A5E65BC2EC} = {A1000005-0000-0000-0000-000000000005}
		{9038E1E0-F8D6-46F2-BC7C-EE9E89CEBD8D} = {A1000002-0000-0000-0000-000000000002}
		{7F5F6462-AC80-4C51-98D7-485152D00223} = {A1000005-0000-0000-0000-000000000005}
		{C060C717-620E-413B-A911-D2F4DB34483C} = {A1000002-0000-0000-0000-000000000002}
		{FFAEFA36-40EC-4B75-A001-E3869E4CCC14} = {A1000005-0000-0000-0000-000000000005}
		{5914F1BE-C9E5-46A3-ACE4-6049EBDADBC2} = {A1000002-0000-0000-0000-000000000002}
		{AE54FCA6-7041-461A-82A0-477CEC2B5788} = {A1000005-0000-0000-0000-000000000005}
		{20B59CE5-D097-49F6-BAE3-0301E83E4B46} = {A1000002-0000-0000-0000-000000000002}
		{5BB9FA68-8965-4B6E-8616-1E896764DE97} = {A1000005-0000-0000-0000-000000000005}
		{E7AA8D5E-98A6-42E6-94A6-C65DA4A43511} = {A1000002-0000-0000-0000-000000000002}
		{F9D160E2-8FEA-4418-A13C-ED67A4DDD7BD} = {A1000005-0000-0000-0000-000000000005}
		{F09A522D-3044-4A49-8402-B51E4F3EEC95} = {A1000005-0000-0000-0000-000000000005}
		{04164BE9-4B09-445E-A30C-AA8742788B06} = {A1000005-0000-0000-0000-000000000005}
		{D16B56B6-DC66-4D06-9A93-1719D8AB7E1C} = {A1000002-0000-0000-0000-000000000002}
		{AA749B45-32ED-4377-8F49-4DAC84D940B1} = {A1000005-0000-0000-0000-000000000005}
	EndGlobalSection
EndGlobal
